
Microsoft Visual Studio Solution File, Format Version 12.00
# Visual Studio Version 17
VisualStudioVersion = 17.0.31903.59
MinimumVisualStudioVersion = 10.0.40219.1
Project("{2150E333-8FDC-42A3-9474-1A3956D46DE8}") = "src", "src", "{9AC7F707-81E5-44D7-8148-28069C8AACEB}"
EndProject
Project("{2150E333-8FDC-42A3-9474-1A3956D46DE8}") = "Modules", "Modules", "{127096CA-F39F-4BA7-B4FC-3138D430895B}"
EndProject
Project("{2150E333-8FDC-42A3-9474-1A3956D46DE8}") = "Booking", "Booking", "{F97E74F9-A003-45D2-8830-DD4DE84C8EA8}"
EndProject
Project("{2150E333-8FDC-42A3-9474-1A3956D46DE8}") = "Flight", "Flight", "{9B7555D1-55D6-40E6-A307-189BD46D2F56}"
EndProject
Project("{2150E333-8FDC-42A3-9474-1A3956D46DE8}") = "Passenger", "Passenger", "{634DD505-7F47-42EC-AC2E-76C003F58D4A}"
EndProject
Project("{2150E333-8FDC-42A3-9474-1A3956D46DE8}") = "Identity", "Identity", "{4A3B8AB7-089A-41D2-BA3C-70CFDAD8DC19}"
EndProject
Project("{2150E333-8FDC-42A3-9474-1A3956D46DE8}") = "src", "src", "{AACDF391-E723-4F8A-98D6-1FEA43164211}"
EndProject
Project("{2150E333-8FDC-42A3-9474-1A3956D46DE8}") = "tests", "tests", "{AEEA57EA-9060-4868-9E33-D8CC57640A13}"
EndProject
Project("{2150E333-8FDC-42A3-9474-1A3956D46DE8}") = "src", "src", "{7626862F-700E-4938-9AD3-6AAD17D04CE5}"
EndProject
Project("{2150E333-8FDC-42A3-9474-1A3956D46DE8}") = "tests", "tests", "{78C15374-C6B0-4FD3-B92B-90B9443A2F55}"
EndProject
Project("{2150E333-8FDC-42A3-9474-1A3956D46DE8}") = "src", "src", "{DAD4BAFD-875B-47BB-B938-7EA8BB92B05E}"
EndProject
Project("{2150E333-8FDC-42A3-9474-1A3956D46DE8}") = "tests", "tests", "{A004CDD2-2302-4BD6-9C5D-A0B05C0021E1}"
EndProject
Project("{2150E333-8FDC-42A3-9474-1A3956D46DE8}") = "src", "src", "{FC07F4FF-D06A-4CF3-A31B-FB5B3124E90A}"
EndProject
Project("{2150E333-8FDC-42A3-9474-1A3956D46DE8}") = "tests", "tests", "{84F38947-4029-4135-B74F-5F357DCDCF16}"
EndProject
Project("{FAE04EC0-301F-11D3-BF4B-00C04F79EFBC}") = "Booking", "src\Modules\Booking\src\Booking.csproj", "{AC9FC723-36B3-4B57-B429-DCA6C261F071}"
EndProject
Project("{FAE04EC0-301F-11D3-BF4B-00C04F79EFBC}") = "Integration.Test", "src\Modules\Booking\tests\Integration.Test\Integration.Test.csproj", "{61B17790-729D-4165-BC9B-AA558D352566}"
EndProject
Project("{FAE04EC0-301F-11D3-BF4B-00C04F79EFBC}") = "Flight", "src\Modules\Flight\src\Flight.csproj", "{3EAD5046-9AC2-4EDD-BC57-7B487EED8463}"
EndProject
Project("{FAE04EC0-301F-11D3-BF4B-00C04F79EFBC}") = "EndToEnd.Test", "src\Modules\Flight\tests\EndToEnd.Test\EndToEnd.Test.csproj", "{AB67D154-0C94-4192-AA33-F8388E882DD4}"
EndProject
Project("{FAE04EC0-301F-11D3-BF4B-00C04F79EFBC}") = "Integration.Test", "src\Modules\Flight\tests\Integration.Test\Integration.Test.csproj", "{DE626722-0518-4A81-A133-29DAB743FF3F}"
EndProject
Project("{FAE04EC0-301F-11D3-BF4B-00C04F79EFBC}") = "Unit.Test", "src\Modules\Flight\tests\Unit.Test\Unit.Test.csproj", "{60E774BC-6D3F-4B02-8689-0CCE4E12A098}"
EndProject
Project("{FAE04EC0-301F-11D3-BF4B-00C04F79EFBC}") = "Identity", "src\Modules\Identity\src\Identity.csproj", "{7B3DA14A-F111-405C-A5E0-165431E41A46}"
EndProject
Project("{FAE04EC0-301F-11D3-BF4B-00C04F79EFBC}") = "Integration.Test", "src\Modules\Identity\tests\Integration.Test\Integration.Test.csproj", "{3FAD0261-89FA-4405-8253-FC13FCE050C1}"
EndProject
Project("{FAE04EC0-301F-11D3-BF4B-00C04F79EFBC}") = "Passenger", "src\Modules\Passenger\src\Passenger.csproj", "{5EE2AEA6-317D-4565-97D2-83CD9854FD84}"
EndProject
Project("{FAE04EC0-301F-11D3-BF4B-00C04F79EFBC}") = "Integration.Test", "src\Modules\Passenger\tests\Integration.Test\Integration.Test.csproj", "{F3F9A7D6-F4DA-4202-818F-0C5A8F120933}"
EndProject
Project("{2150E333-8FDC-42A3-9474-1A3956D46DE8}") = "Api", "Api", "{A0E81C26-2005-4F64-9596-3CB3936E94BA}"
EndProject
Project("{2150E333-8FDC-42A3-9474-1A3956D46DE8}") = "src", "src", "{FF82468F-9541-4B11-B99E-43E3D3350174}"
EndProject
Project("{FAE04EC0-301F-11D3-BF4B-00C04F79EFBC}") = "Api", "src\Api\src\Api.csproj", "{6E8856FE-15E6-428C-83BA-4D9E925B1D21}"
EndProject
Project("{2150E333-8FDC-42A3-9474-1A3956D46DE8}") = "Aspire", "Aspire", "{D2A0CE91-BCCA-486D-97D9-184AE242E867}"
EndProject
Project("{2150E333-8FDC-42A3-9474-1A3956D46DE8}") = "src", "src", "{EE2FB786-543B-425C-A270-C19A36BEFB2F}"
EndProject
Project("{FAE04EC0-301F-11D3-BF4B-00C04F79EFBC}") = "AppHost", "src\Aspire\src\AppHost\AppHost.csproj", "{42BAF3C9-8E06-438D-947F-6FCE2A415C30}"
EndProject
Project("{FAE04EC0-301F-11D3-BF4B-00C04F79EFBC}") = "ServiceDefaults", "src\Aspire\src\ServiceDefaults\ServiceDefaults.csproj", "{A3DF22DD-8EC2-484A-9389-FA626FF8225D}"
EndProject
Project("{2150E333-8FDC-42A3-9474-1A3956D46DE8}") = "BuildingBlocks", "BuildingBlocks", "{A8993B89-C373-8F0C-9B12-0DFF5B889E57}"
EndProject
Project("{2150E333-8FDC-42A3-9474-1A3956D46DE8}") = "Core", "Core", "{A2459D9B-2091-0CBD-1E1C-4BA78C431D48}"
EndProject
Project("{FAE04EC0-301F-11D3-BF4B-00C04F79EFBC}") = "BuildingBlocks.Core", "src\BuildingBlocks\Core\BuildingBlocks.Core.csproj", "{E2D65941-2135-4589-A06F-560DBD0BED7A}"
EndProject
Project("{2150E333-8FDC-42A3-9474-1A3956D46DE8}") = "Web", "Web", "{77DF504F-F3DD-1DE9-391E-E9FD45EBE868}"
EndProject
Project("{FAE04EC0-301F-11D3-BF4B-00C04F79EFBC}") = "BuildingBlocks.Web", "src\BuildingBlocks\Web\BuildingBlocks.Web.csproj", "{1F59D6A0-424E-4BF9-8578-FDD39F0B06A1}"
EndProject
Project("{2150E333-8FDC-42A3-9474-1A3956D46DE8}") = "Utils", "Utils", "{5A4720EE-7E82-2AAA-E127-4D0C37CF5E64}"
EndProject
Project("{FAE04EC0-301F-11D3-BF4B-00C04F79EFBC}") = "BuildingBlocks.Utils", "src\BuildingBlocks\Utils\BuildingBlocks.Utils.csproj", "{32FBF709-904B-4991-ACD3-C633E5893D84}"
EndProject
Project("{2150E333-8FDC-42A3-9474-1A3956D46DE8}") = "Constants", "Constants", "{43B937B8-01C9-025E-027F-6ED25747EB6F}"
EndProject
Project("{FAE04EC0-301F-11D3-BF4B-00C04F79EFBC}") = "BuildingBlocks.Constants", "src\BuildingBlocks\Constants\BuildingBlocks.Constants.csproj", "{C0EA19B7-A26B-44E2-99DC-92A62DD0A9EB}"
EndProject
Project("{2150E333-8FDC-42A3-9474-1A3956D46DE8}") = "Exception", "Exception", "{7A5DC0AD-736C-7F2C-CE41-BA09BE029A04}"
EndProject
Project("{FAE04EC0-301F-11D3-BF4B-00C04F79EFBC}") = "BuildingBlocks.Exception", "src\BuildingBlocks\Exception\BuildingBlocks.Exception.csproj", "{169B43BF-EFC3-4655-B829-1ABC6701E2DA}"
EndProject
Project("{2150E333-8FDC-42A3-9474-1A3956D46DE8}") = "Polly", "Polly", "{60C2E3D1-040B-923C-8ABB-8BD5117630AA}"
EndProject
Project("{FAE04EC0-301F-11D3-BF4B-00C04F79EFBC}") = "BuildingBlocks.Polly", "src\BuildingBlocks\Polly\BuildingBlocks.Polly.csproj", "{D22A1871-4856-4C59-BB5A-8EC2E97B843C}"
EndProject
Project("{2150E333-8FDC-42A3-9474-1A3956D46DE8}") = "Logging", "Logging", "{EF300A30-A93A-D2F4-357A-E6F49E30AF7E}"
EndProject
Project("{FAE04EC0-301F-11D3-BF4B-00C04F79EFBC}") = "BuildingBlocks.Logging", "src\BuildingBlocks\Logging\BuildingBlocks.Logging.csproj", "{A7B3FE19-9C4F-48C3-AABF-E023AA7BC307}"
EndProject
Project("{2150E333-8FDC-42A3-9474-1A3956D46DE8}") = "Caching", "Caching", "{1DEF1D9B-0583-02F1-BBDF-5C26143FE7FD}"
EndProject
Project("{FAE04EC0-301F-11D3-BF4B-00C04F79EFBC}") = "BuildingBlocks.Caching", "src\BuildingBlocks\Caching\BuildingBlocks.Caching.csproj", "{10A79B31-8BA9-4984-B53E-076CC3A0D41D}"
EndProject
Project("{2150E333-8FDC-42A3-9474-1A3956D46DE8}") = "Mapster", "Mapster", "{B186E073-3FAA-B521-63DD-7D5E4665BF73}"
EndProject
Project("{FAE04EC0-301F-11D3-BF4B-00C04F79EFBC}") = "BuildingBlocks.Mapster", "src\BuildingBlocks\Mapster\BuildingBlocks.Mapster.csproj", "{77AE25FE-AAFF-4278-A9B1-8A3E83BE8556}"
EndProject
Project("{2150E333-8FDC-42A3-9474-1A3956D46DE8}") = "OpenApi", "OpenApi", "{CEA28A79-7A90-BBFC-521F-5A2131F15255}"
EndProject
Project("{FAE04EC0-301F-11D3-BF4B-00C04F79EFBC}") = "BuildingBlocks.OpenApi", "src\BuildingBlocks\OpenApi\BuildingBlocks.OpenApi.csproj", "{823487F7-2BB3-4086-9C86-5FCE52B179FB}"
EndProject
Project("{2150E333-8FDC-42A3-9474-1A3956D46DE8}") = "Validation", "Validation", "{D23C8DCA-8125-CCE0-1178-09A975771158}"
EndProject
Project("{FAE04EC0-301F-11D3-BF4B-00C04F79EFBC}") = "BuildingBlocks.Validation", "src\BuildingBlocks\Validation\BuildingBlocks.Validation.csproj", "{FDBD0118-A226-4C82-9FE2-38BD54449EFE}"
EndProject
Project("{2150E333-8FDC-42A3-9474-1A3956D46DE8}") = "ProblemDetails", "ProblemDetails", "{014CD38B-3598-E1DF-E0BB-5E1CC3866FB6}"
EndProject
Project("{FAE04EC0-301F-11D3-BF4B-00C04F79EFBC}") = "BuildingBlocks.ProblemDetails", "src\BuildingBlocks\ProblemDetails\BuildingBlocks.ProblemDetails.csproj", "{776FC3AB-E325-44BC-BD7C-45CA1E19C612}"
EndProject
Project("{2150E333-8FDC-42A3-9474-1A3956D46DE8}") = "EFCore", "EFCore", "{BAB14739-BEA1-5434-F6ED-EF9C49B76ED0}"
EndProject
Project("{FAE04EC0-301F-11D3-BF4B-00C04F79EFBC}") = "BuildingBlocks.EFCore", "src\BuildingBlocks\EFCore\BuildingBlocks.EFCore.csproj", "{68FE6BBA-E1ED-431D-AAB1-C723B79ACF3C}"
EndProject
Project("{2150E333-8FDC-42A3-9474-1A3956D46DE8}") = "MassTransit", "MassTransit", "{DF207238-7EC6-109C-D0A1-08A61E2EA01B}"
EndProject
Project("{FAE04EC0-301F-11D3-BF4B-00C04F79EFBC}") = "BuildingBlocks.MassTransit", "src\BuildingBlocks\MassTransit\BuildingBlocks.MassTransit.csproj", "{0F5025EB-B032-4BB7-BB94-63FE99ED3BCE}"
EndProject
Project("{2150E333-8FDC-42A3-9474-1A3956D46DE8}") = "Mongo", "Mongo", "{E38BA6A0-9441-4C39-9BE0-DB2A16A75B58}"
EndProject
Project("{FAE04EC0-301F-11D3-BF4B-00C04F79EFBC}") = "BuildingBlocks.Mongo", "src\BuildingBlocks\Mongo\BuildingBlocks.Mongo.csproj", "{26DBEBF3-23C8-46BD-BE3A-7207C04B9813}"
EndProject
Project("{2150E333-8FDC-42A3-9474-1A3956D46DE8}") = "EventStoreDB", "EventStoreDB", "{F4F44C0D-692D-1A32-5D47-0BA90A6145BE}"
EndProject
Project("{FAE04EC0-301F-11D3-BF4B-00C04F79EFBC}") = "BuildingBlocks.EventStoreDB", "src\BuildingBlocks\EventStoreDB\BuildingBlocks.EventStoreDB.csproj", "{CB43281D-EFEB-48A9-A993-C2394A172EFA}"
EndProject
Project("{2150E333-8FDC-42A3-9474-1A3956D46DE8}") = "PersistMessageProcessor", "PersistMessageProcessor", "{4E19C600-0FB2-0F44-5E47-573DD41C055A}"
EndProject
Project("{FAE04EC0-301F-11D3-BF4B-00C04F79EFBC}") = "BuildingBlocks.PersistMessageProcessor", "src\BuildingBlocks\PersistMessageProcessor\BuildingBlocks.PersistMessageProcessor.csproj", "{17C6A66C-E7CB-41FB-9C8B-264CD108E54E}"
EndProject
Project("{2150E333-8FDC-42A3-9474-1A3956D46DE8}") = "Jwt", "Jwt", "{1781679F-72C4-9D6A-E4BC-B9A9BEED6EEB}"
EndProject
Project("{FAE04EC0-301F-11D3-BF4B-00C04F79EFBC}") = "BuildingBlocks.Jwt", "src\BuildingBlocks\Jwt\BuildingBlocks.Jwt.csproj", "{35CFB847-08E4-42E7-A6E3-D9CBEC00EE99}"
EndProject
Project("{2150E333-8FDC-42A3-9474-1A3956D46DE8}") = "HealthCheck", "HealthCheck", "{C793E1EE-3DFA-B621-E8BF-2EAEDBD13E5B}"
EndProject
Project("{FAE04EC0-301F-11D3-BF4B-00C04F79EFBC}") = "BuildingBlocks.HealthCheck", "src\BuildingBlocks\HealthCheck\BuildingBlocks.HealthCheck.csproj", "{6FA6C692-98F4-41E6-9E59-7CEA1F3D7FF6}"
EndProject
Project("{2150E333-8FDC-42A3-9474-1A3956D46DE8}") = "OpenTelemetryCollector", "OpenTelemetryCollector", "{A22D4225-18AC-B1F9-1106-3D368B97D608}"
EndProject
Project("{FAE04EC0-301F-11D3-BF4B-00C04F79EFBC}") = "BuildingBlocks.OpenTelemetryCollector", "src\BuildingBlocks\OpenTelemetryCollector\BuildingBlocks.OpenTelemetryCollector.csproj", "{0AAEBDF4-71D9-4A40-8BD7-A4C998C5CFC5}"
EndProject
Project("{2150E333-8FDC-42A3-9474-1A3956D46DE8}") = "TestBase", "TestBase", "{D9471966-4E56-E6FC-7B9F-B1660F37D3DF}"
EndProject
Project("{FAE04EC0-301F-11D3-BF4B-00C04F79EFBC}") = "BuildingBlocks.TestBase", "src\BuildingBlocks\TestBase\BuildingBlocks.TestBase.csproj", "{E1FB81EB-C8B0-48F9-9BCB-624474E879B1}"
EndProject
Global
	GlobalSection(SolutionConfigurationPlatforms) = preSolution
		Debug|Any CPU = Debug|Any CPU
		Debug|x64 = Debug|x64
		Debug|x86 = Debug|x86
		Release|Any CPU = Release|Any CPU
		Release|x64 = Release|x64
		Release|x86 = Release|x86
	EndGlobalSection
	GlobalSection(ProjectConfigurationPlatforms) = postSolution
		{AC9FC723-36B3-4B57-B429-DCA6C261F071}.Debug|Any CPU.ActiveCfg = Debug|Any CPU
		{AC9FC723-36B3-4B57-B429-DCA6C261F071}.Debug|Any CPU.Build.0 = Debug|Any CPU
		{AC9FC723-36B3-4B57-B429-DCA6C261F071}.Debug|x64.ActiveCfg = Debug|Any CPU
		{AC9FC723-36B3-4B57-B429-DCA6C261F071}.Debug|x64.Build.0 = Debug|Any CPU
		{AC9FC723-36B3-4B57-B429-DCA6C261F071}.Debug|x86.ActiveCfg = Debug|Any CPU
		{AC9FC723-36B3-4B57-B429-DCA6C261F071}.Debug|x86.Build.0 = Debug|Any CPU
		{AC9FC723-36B3-4B57-B429-DCA6C261F071}.Release|Any CPU.ActiveCfg = Release|Any CPU
		{AC9FC723-36B3-4B57-B429-DCA6C261F071}.Release|Any CPU.Build.0 = Release|Any CPU
		{AC9FC723-36B3-4B57-B429-DCA6C261F071}.Release|x64.ActiveCfg = Release|Any CPU
		{AC9FC723-36B3-4B57-B429-DCA6C261F071}.Release|x64.Build.0 = Release|Any CPU
		{AC9FC723-36B3-4B57-B429-DCA6C261F071}.Release|x86.ActiveCfg = Release|Any CPU
		{AC9FC723-36B3-4B57-B429-DCA6C261F071}.Release|x86.Build.0 = Release|Any CPU
		{61B17790-729D-4165-BC9B-AA558D352566}.Debug|Any CPU.ActiveCfg = Debug|Any CPU
		{61B17790-729D-4165-BC9B-AA558D352566}.Debug|Any CPU.Build.0 = Debug|Any CPU
		{61B17790-729D-4165-BC9B-AA558D352566}.Debug|x64.ActiveCfg = Debug|Any CPU
		{61B17790-729D-4165-BC9B-AA558D352566}.Debug|x64.Build.0 = Debug|Any CPU
		{61B17790-729D-4165-BC9B-AA558D352566}.Debug|x86.ActiveCfg = Debug|Any CPU
		{61B17790-729D-4165-BC9B-AA558D352566}.Debug|x86.Build.0 = Debug|Any CPU
		{61B17790-729D-4165-BC9B-AA558D352566}.Release|Any CPU.ActiveCfg = Release|Any CPU
		{61B17790-729D-4165-BC9B-AA558D352566}.Release|Any CPU.Build.0 = Release|Any CPU
		{61B17790-729D-4165-BC9B-AA558D352566}.Release|x64.ActiveCfg = Release|Any CPU
		{61B17790-729D-4165-BC9B-AA558D352566}.Release|x64.Build.0 = Release|Any CPU
		{61B17790-729D-4165-BC9B-AA558D352566}.Release|x86.ActiveCfg = Release|Any CPU
		{61B17790-729D-4165-BC9B-AA558D352566}.Release|x86.Build.0 = Release|Any CPU
		{3EAD5046-9AC2-4EDD-BC57-7B487EED8463}.Debug|Any CPU.ActiveCfg = Debug|Any CPU
		{3EAD5046-9AC2-4EDD-BC57-7B487EED8463}.Debug|Any CPU.Build.0 = Debug|Any CPU
		{3EAD5046-9AC2-4EDD-BC57-7B487EED8463}.Debug|x64.ActiveCfg = Debug|Any CPU
		{3EAD5046-9AC2-4EDD-BC57-7B487EED8463}.Debug|x64.Build.0 = Debug|Any CPU
		{3EAD5046-9AC2-4EDD-BC57-7B487EED8463}.Debug|x86.ActiveCfg = Debug|Any CPU
		{3EAD5046-9AC2-4EDD-BC57-7B487EED8463}.Debug|x86.Build.0 = Debug|Any CPU
		{3EAD5046-9AC2-4EDD-BC57-7B487EED8463}.Release|Any CPU.ActiveCfg = Release|Any CPU
		{3EAD5046-9AC2-4EDD-BC57-7B487EED8463}.Release|Any CPU.Build.0 = Release|Any CPU
		{3EAD5046-9AC2-4EDD-BC57-7B487EED8463}.Release|x64.ActiveCfg = Release|Any CPU
		{3EAD5046-9AC2-4EDD-BC57-7B487EED8463}.Release|x64.Build.0 = Release|Any CPU
		{3EAD5046-9AC2-4EDD-BC57-7B487EED8463}.Release|x86.ActiveCfg = Release|Any CPU
		{3EAD5046-9AC2-4EDD-BC57-7B487EED8463}.Release|x86.Build.0 = Release|Any CPU
		{AB67D154-0C94-4192-AA33-F8388E882DD4}.Debug|Any CPU.ActiveCfg = Debug|Any CPU
		{AB67D154-0C94-4192-AA33-F8388E882DD4}.Debug|Any CPU.Build.0 = Debug|Any CPU
		{AB67D154-0C94-4192-AA33-F8388E882DD4}.Debug|x64.ActiveCfg = Debug|Any CPU
		{AB67D154-0C94-4192-AA33-F8388E882DD4}.Debug|x64.Build.0 = Debug|Any CPU
		{AB67D154-0C94-4192-AA33-F8388E882DD4}.Debug|x86.ActiveCfg = Debug|Any CPU
		{AB67D154-0C94-4192-AA33-F8388E882DD4}.Debug|x86.Build.0 = Debug|Any CPU
		{AB67D154-0C94-4192-AA33-F8388E882DD4}.Release|Any CPU.ActiveCfg = Release|Any CPU
		{AB67D154-0C94-4192-AA33-F8388E882DD4}.Release|Any CPU.Build.0 = Release|Any CPU
		{AB67D154-0C94-4192-AA33-F8388E882DD4}.Release|x64.ActiveCfg = Release|Any CPU
		{AB67D154-0C94-4192-AA33-F8388E882DD4}.Release|x64.Build.0 = Release|Any CPU
		{AB67D154-0C94-4192-AA33-F8388E882DD4}.Release|x86.ActiveCfg = Release|Any CPU
		{AB67D154-0C94-4192-AA33-F8388E882DD4}.Release|x86.Build.0 = Release|Any CPU
		{DE626722-0518-4A81-A133-29DAB743FF3F}.Debug|Any CPU.ActiveCfg = Debug|Any CPU
		{DE626722-0518-4A81-A133-29DAB743FF3F}.Debug|Any CPU.Build.0 = Debug|Any CPU
		{DE626722-0518-4A81-A133-29DAB743FF3F}.Debug|x64.ActiveCfg = Debug|Any CPU
		{DE626722-0518-4A81-A133-29DAB743FF3F}.Debug|x64.Build.0 = Debug|Any CPU
		{DE626722-0518-4A81-A133-29DAB743FF3F}.Debug|x86.ActiveCfg = Debug|Any CPU
		{DE626722-0518-4A81-A133-29DAB743FF3F}.Debug|x86.Build.0 = Debug|Any CPU
		{DE626722-0518-4A81-A133-29DAB743FF3F}.Release|Any CPU.ActiveCfg = Release|Any CPU
		{DE626722-0518-4A81-A133-29DAB743FF3F}.Release|Any CPU.Build.0 = Release|Any CPU
		{DE626722-0518-4A81-A133-29DAB743FF3F}.Release|x64.ActiveCfg = Release|Any CPU
		{DE626722-0518-4A81-A133-29DAB743FF3F}.Release|x64.Build.0 = Release|Any CPU
		{DE626722-0518-4A81-A133-29DAB743FF3F}.Release|x86.ActiveCfg = Release|Any CPU
		{DE626722-0518-4A81-A133-29DAB743FF3F}.Release|x86.Build.0 = Release|Any CPU
		{60E774BC-6D3F-4B02-8689-0CCE4E12A098}.Debug|Any CPU.ActiveCfg = Debug|Any CPU
		{60E774BC-6D3F-4B02-8689-0CCE4E12A098}.Debug|Any CPU.Build.0 = Debug|Any CPU
		{60E774BC-6D3F-4B02-8689-0CCE4E12A098}.Debug|x64.ActiveCfg = Debug|Any CPU
		{60E774BC-6D3F-4B02-8689-0CCE4E12A098}.Debug|x64.Build.0 = Debug|Any CPU
		{60E774BC-6D3F-4B02-8689-0CCE4E12A098}.Debug|x86.ActiveCfg = Debug|Any CPU
		{60E774BC-6D3F-4B02-8689-0CCE4E12A098}.Debug|x86.Build.0 = Debug|Any CPU
		{60E774BC-6D3F-4B02-8689-0CCE4E12A098}.Release|Any CPU.ActiveCfg = Release|Any CPU
		{60E774BC-6D3F-4B02-8689-0CCE4E12A098}.Release|Any CPU.Build.0 = Release|Any CPU
		{60E774BC-6D3F-4B02-8689-0CCE4E12A098}.Release|x64.ActiveCfg = Release|Any CPU
		{60E774BC-6D3F-4B02-8689-0CCE4E12A098}.Release|x64.Build.0 = Release|Any CPU
		{60E774BC-6D3F-4B02-8689-0CCE4E12A098}.Release|x86.ActiveCfg = Release|Any CPU
		{60E774BC-6D3F-4B02-8689-0CCE4E12A098}.Release|x86.Build.0 = Release|Any CPU
		{7B3DA14A-F111-405C-A5E0-165431E41A46}.Debug|Any CPU.ActiveCfg = Debug|Any CPU
		{7B3DA14A-F111-405C-A5E0-165431E41A46}.Debug|Any CPU.Build.0 = Debug|Any CPU
		{7B3DA14A-F111-405C-A5E0-165431E41A46}.Debug|x64.ActiveCfg = Debug|Any CPU
		{7B3DA14A-F111-405C-A5E0-165431E41A46}.Debug|x64.Build.0 = Debug|Any CPU
		{7B3DA14A-F111-405C-A5E0-165431E41A46}.Debug|x86.ActiveCfg = Debug|Any CPU
		{7B3DA14A-F111-405C-A5E0-165431E41A46}.Debug|x86.Build.0 = Debug|Any CPU
		{7B3DA14A-F111-405C-A5E0-165431E41A46}.Release|Any CPU.ActiveCfg = Release|Any CPU
		{7B3DA14A-F111-405C-A5E0-165431E41A46}.Release|Any CPU.Build.0 = Release|Any CPU
		{7B3DA14A-F111-405C-A5E0-165431E41A46}.Release|x64.ActiveCfg = Release|Any CPU
		{7B3DA14A-F111-405C-A5E0-165431E41A46}.Release|x64.Build.0 = Release|Any CPU
		{7B3DA14A-F111-405C-A5E0-165431E41A46}.Release|x86.ActiveCfg = Release|Any CPU
		{7B3DA14A-F111-405C-A5E0-165431E41A46}.Release|x86.Build.0 = Release|Any CPU
		{3FAD0261-89FA-4405-8253-FC13FCE050C1}.Debug|Any CPU.ActiveCfg = Debug|Any CPU
		{3FAD0261-89FA-4405-8253-FC13FCE050C1}.Debug|Any CPU.Build.0 = Debug|Any CPU
		{3FAD0261-89FA-4405-8253-FC13FCE050C1}.Debug|x64.ActiveCfg = Debug|Any CPU
		{3FAD0261-89FA-4405-8253-FC13FCE050C1}.Debug|x64.Build.0 = Debug|Any CPU
		{3FAD0261-89FA-4405-8253-FC13FCE050C1}.Debug|x86.ActiveCfg = Debug|Any CPU
		{3FAD0261-89FA-4405-8253-FC13FCE050C1}.Debug|x86.Build.0 = Debug|Any CPU
		{3FAD0261-89FA-4405-8253-FC13FCE050C1}.Release|Any CPU.ActiveCfg = Release|Any CPU
		{3FAD0261-89FA-4405-8253-FC13FCE050C1}.Release|Any CPU.Build.0 = Release|Any CPU
		{3FAD0261-89FA-4405-8253-FC13FCE050C1}.Release|x64.ActiveCfg = Release|Any CPU
		{3FAD0261-89FA-4405-8253-FC13FCE050C1}.Release|x64.Build.0 = Release|Any CPU
		{3FAD0261-89FA-4405-8253-FC13FCE050C1}.Release|x86.ActiveCfg = Release|Any CPU
		{3FAD0261-89FA-4405-8253-FC13FCE050C1}.Release|x86.Build.0 = Release|Any CPU
		{5EE2AEA6-317D-4565-97D2-83CD9854FD84}.Debug|Any CPU.ActiveCfg = Debug|Any CPU
		{5EE2AEA6-317D-4565-97D2-83CD9854FD84}.Debug|Any CPU.Build.0 = Debug|Any CPU
		{5EE2AEA6-317D-4565-97D2-83CD9854FD84}.Debug|x64.ActiveCfg = Debug|Any CPU
		{5EE2AEA6-317D-4565-97D2-83CD9854FD84}.Debug|x64.Build.0 = Debug|Any CPU
		{5EE2AEA6-317D-4565-97D2-83CD9854FD84}.Debug|x86.ActiveCfg = Debug|Any CPU
		{5EE2AEA6-317D-4565-97D2-83CD9854FD84}.Debug|x86.Build.0 = Debug|Any CPU
		{5EE2AEA6-317D-4565-97D2-83CD9854FD84}.Release|Any CPU.ActiveCfg = Release|Any CPU
		{5EE2AEA6-317D-4565-97D2-83CD9854FD84}.Release|Any CPU.Build.0 = Release|Any CPU
		{5EE2AEA6-317D-4565-97D2-83CD9854FD84}.Release|x64.ActiveCfg = Release|Any CPU
		{5EE2AEA6-317D-4565-97D2-83CD9854FD84}.Release|x64.Build.0 = Release|Any CPU
		{5EE2AEA6-317D-4565-97D2-83CD9854FD84}.Release|x86.ActiveCfg = Release|Any CPU
		{5EE2AEA6-317D-4565-97D2-83CD9854FD84}.Release|x86.Build.0 = Release|Any CPU
		{F3F9A7D6-F4DA-4202-818F-0C5A8F120933}.Debug|Any CPU.ActiveCfg = Debug|Any CPU
		{F3F9A7D6-F4DA-4202-818F-0C5A8F120933}.Debug|Any CPU.Build.0 = Debug|Any CPU
		{F3F9A7D6-F4DA-4202-818F-0C5A8F120933}.Debug|x64.ActiveCfg = Debug|Any CPU
		{F3F9A7D6-F4DA-4202-818F-0C5A8F120933}.Debug|x64.Build.0 = Debug|Any CPU
		{F3F9A7D6-F4DA-4202-818F-0C5A8F120933}.Debug|x86.ActiveCfg = Debug|Any CPU
		{F3F9A7D6-F4DA-4202-818F-0C5A8F120933}.Debug|x86.Build.0 = Debug|Any CPU
		{F3F9A7D6-F4DA-4202-818F-0C5A8F120933}.Release|Any CPU.ActiveCfg = Release|Any CPU
		{F3F9A7D6-F4DA-4202-818F-0C5A8F120933}.Release|Any CPU.Build.0 = Release|Any CPU
		{F3F9A7D6-F4DA-4202-818F-0C5A8F120933}.Release|x64.ActiveCfg = Release|Any CPU
		{F3F9A7D6-F4DA-4202-818F-0C5A8F120933}.Release|x64.Build.0 = Release|Any CPU
		{F3F9A7D6-F4DA-4202-818F-0C5A8F120933}.Release|x86.ActiveCfg = Release|Any CPU
		{F3F9A7D6-F4DA-4202-818F-0C5A8F120933}.Release|x86.Build.0 = Release|Any CPU
		{6E8856FE-15E6-428C-83BA-4D9E925B1D21}.Debug|Any CPU.ActiveCfg = Debug|Any CPU
		{6E8856FE-15E6-428C-83BA-4D9E925B1D21}.Debug|Any CPU.Build.0 = Debug|Any CPU
		{6E8856FE-15E6-428C-83BA-4D9E925B1D21}.Debug|x64.ActiveCfg = Debug|Any CPU
		{6E8856FE-15E6-428C-83BA-4D9E925B1D21}.Debug|x64.Build.0 = Debug|Any CPU
		{6E8856FE-15E6-428C-83BA-4D9E925B1D21}.Debug|x86.ActiveCfg = Debug|Any CPU
		{6E8856FE-15E6-428C-83BA-4D9E925B1D21}.Debug|x86.Build.0 = Debug|Any CPU
		{6E8856FE-15E6-428C-83BA-4D9E925B1D21}.Release|Any CPU.ActiveCfg = Release|Any CPU
		{6E8856FE-15E6-428C-83BA-4D9E925B1D21}.Release|Any CPU.Build.0 = Release|Any CPU
		{6E8856FE-15E6-428C-83BA-4D9E925B1D21}.Release|x64.ActiveCfg = Release|Any CPU
		{6E8856FE-15E6-428C-83BA-4D9E925B1D21}.Release|x64.Build.0 = Release|Any CPU
		{6E8856FE-15E6-428C-83BA-4D9E925B1D21}.Release|x86.ActiveCfg = Release|Any CPU
		{6E8856FE-15E6-428C-83BA-4D9E925B1D21}.Release|x86.Build.0 = Release|Any CPU
		{42BAF3C9-8E06-438D-947F-6FCE2A415C30}.Debug|Any CPU.ActiveCfg = Debug|Any CPU
		{42BAF3C9-8E06-438D-947F-6FCE2A415C30}.Debug|Any CPU.Build.0 = Debug|Any CPU
		{42BAF3C9-8E06-438D-947F-6FCE2A415C30}.Debug|x64.ActiveCfg = Debug|Any CPU
		{42BAF3C9-8E06-438D-947F-6FCE2A415C30}.Debug|x64.Build.0 = Debug|Any CPU
		{42BAF3C9-8E06-438D-947F-6FCE2A415C30}.Debug|x86.ActiveCfg = Debug|Any CPU
		{42BAF3C9-8E06-438D-947F-6FCE2A415C30}.Debug|x86.Build.0 = Debug|Any CPU
		{42BAF3C9-8E06-438D-947F-6FCE2A415C30}.Release|Any CPU.ActiveCfg = Release|Any CPU
		{42BAF3C9-8E06-438D-947F-6FCE2A415C30}.Release|Any CPU.Build.0 = Release|Any CPU
		{42BAF3C9-8E06-438D-947F-6FCE2A415C30}.Release|x64.ActiveCfg = Release|Any CPU
		{42BAF3C9-8E06-438D-947F-6FCE2A415C30}.Release|x64.Build.0 = Release|Any CPU
		{42BAF3C9-8E06-438D-947F-6FCE2A415C30}.Release|x86.ActiveCfg = Release|Any CPU
		{42BAF3C9-8E06-438D-947F-6FCE2A415C30}.Release|x86.Build.0 = Release|Any CPU
		{A3DF22DD-8EC2-484A-9389-FA626FF8225D}.Debug|Any CPU.ActiveCfg = Debug|Any CPU
		{A3DF22DD-8EC2-484A-9389-FA626FF8225D}.Debug|Any CPU.Build.0 = Debug|Any CPU
		{A3DF22DD-8EC2-484A-9389-FA626FF8225D}.Debug|x64.ActiveCfg = Debug|Any CPU
		{A3DF22DD-8EC2-484A-9389-FA626FF8225D}.Debug|x64.Build.0 = Debug|Any CPU
		{A3DF22DD-8EC2-484A-9389-FA626FF8225D}.Debug|x86.ActiveCfg = Debug|Any CPU
		{A3DF22DD-8EC2-484A-9389-FA626FF8225D}.Debug|x86.Build.0 = Debug|Any CPU
		{A3DF22DD-8EC2-484A-9389-FA626FF8225D}.Release|Any CPU.ActiveCfg = Release|Any CPU
		{A3DF22DD-8EC2-484A-9389-FA626FF8225D}.Release|Any CPU.Build.0 = Release|Any CPU
		{A3DF22DD-8EC2-484A-9389-FA626FF8225D}.Release|x64.ActiveCfg = Release|Any CPU
		{A3DF22DD-8EC2-484A-9389-FA626FF8225D}.Release|x64.Build.0 = Release|Any CPU
		{A3DF22DD-8EC2-484A-9389-FA626FF8225D}.Release|x86.ActiveCfg = Release|Any CPU
		{A3DF22DD-8EC2-484A-9389-FA626FF8225D}.Release|x86.Build.0 = Release|Any CPU
		{E2D65941-2135-4589-A06F-560DBD0BED7A}.Debug|Any CPU.ActiveCfg = Debug|Any CPU
		{E2D65941-2135-4589-A06F-560DBD0BED7A}.Debug|Any CPU.Build.0 = Debug|Any CPU
		{E2D65941-2135-4589-A06F-560DBD0BED7A}.Debug|x64.ActiveCfg = Debug|Any CPU
		{E2D65941-2135-4589-A06F-560DBD0BED7A}.Debug|x64.Build.0 = Debug|Any CPU
		{E2D65941-2135-4589-A06F-560DBD0BED7A}.Debug|x86.ActiveCfg = Debug|Any CPU
		{E2D65941-2135-4589-A06F-560DBD0BED7A}.Debug|x86.Build.0 = Debug|Any CPU
		{E2D65941-2135-4589-A06F-560DBD0BED7A}.Release|Any CPU.ActiveCfg = Release|Any CPU
		{E2D65941-2135-4589-A06F-560DBD0BED7A}.Release|Any CPU.Build.0 = Release|Any CPU
		{E2D65941-2135-4589-A06F-560DBD0BED7A}.Release|x64.ActiveCfg = Release|Any CPU
		{E2D65941-2135-4589-A06F-560DBD0BED7A}.Release|x64.Build.0 = Release|Any CPU
		{E2D65941-2135-4589-A06F-560DBD0BED7A}.Release|x86.ActiveCfg = Release|Any CPU
		{E2D65941-2135-4589-A06F-560DBD0BED7A}.Release|x86.Build.0 = Release|Any CPU
		{1F59D6A0-424E-4BF9-8578-FDD39F0B06A1}.Debug|Any CPU.ActiveCfg = Debug|Any CPU
		{1F59D6A0-424E-4BF9-8578-FDD39F0B06A1}.Debug|Any CPU.Build.0 = Debug|Any CPU
		{1F59D6A0-424E-4BF9-8578-FDD39F0B06A1}.Debug|x64.ActiveCfg = Debug|Any CPU
		{1F59D6A0-424E-4BF9-8578-FDD39F0B06A1}.Debug|x64.Build.0 = Debug|Any CPU
		{1F59D6A0-424E-4BF9-8578-FDD39F0B06A1}.Debug|x86.ActiveCfg = Debug|Any CPU
		{1F59D6A0-424E-4BF9-8578-FDD39F0B06A1}.Debug|x86.Build.0 = Debug|Any CPU
		{1F59D6A0-424E-4BF9-8578-FDD39F0B06A1}.Release|Any CPU.ActiveCfg = Release|Any CPU
		{1F59D6A0-424E-4BF9-8578-FDD39F0B06A1}.Release|Any CPU.Build.0 = Release|Any CPU
		{1F59D6A0-424E-4BF9-8578-FDD39F0B06A1}.Release|x64.ActiveCfg = Release|Any CPU
		{1F59D6A0-424E-4BF9-8578-FDD39F0B06A1}.Release|x64.Build.0 = Release|Any CPU
		{1F59D6A0-424E-4BF9-8578-FDD39F0B06A1}.Release|x86.ActiveCfg = Release|Any CPU
		{1F59D6A0-424E-4BF9-8578-FDD39F0B06A1}.Release|x86.Build.0 = Release|Any CPU
		{32FBF709-904B-4991-ACD3-C633E5893D84}.Debug|Any CPU.ActiveCfg = Debug|Any CPU
		{32FBF709-904B-4991-ACD3-C633E5893D84}.Debug|Any CPU.Build.0 = Debug|Any CPU
		{32FBF709-904B-4991-ACD3-C633E5893D84}.Debug|x64.ActiveCfg = Debug|Any CPU
		{32FBF709-904B-4991-ACD3-C633E5893D84}.Debug|x64.Build.0 = Debug|Any CPU
		{32FBF709-904B-4991-ACD3-C633E5893D84}.Debug|x86.ActiveCfg = Debug|Any CPU
		{32FBF709-904B-4991-ACD3-C633E5893D84}.Debug|x86.Build.0 = Debug|Any CPU
		{32FBF709-904B-4991-ACD3-C633E5893D84}.Release|Any CPU.ActiveCfg = Release|Any CPU
		{32FBF709-904B-4991-ACD3-C633E5893D84}.Release|Any CPU.Build.0 = Release|Any CPU
		{32FBF709-904B-4991-ACD3-C633E5893D84}.Release|x64.ActiveCfg = Release|Any CPU
		{32FBF709-904B-4991-ACD3-C633E5893D84}.Release|x64.Build.0 = Release|Any CPU
		{32FBF709-904B-4991-ACD3-C633E5893D84}.Release|x86.ActiveCfg = Release|Any CPU
		{32FBF709-904B-4991-ACD3-C633E5893D84}.Release|x86.Build.0 = Release|Any CPU
		{C0EA19B7-A26B-44E2-99DC-92A62DD0A9EB}.Debug|Any CPU.ActiveCfg = Debug|Any CPU
		{C0EA19B7-A26B-44E2-99DC-92A62DD0A9EB}.Debug|Any CPU.Build.0 = Debug|Any CPU
		{C0EA19B7-A26B-44E2-99DC-92A62DD0A9EB}.Debug|x64.ActiveCfg = Debug|Any CPU
		{C0EA19B7-A26B-44E2-99DC-92A62DD0A9EB}.Debug|x64.Build.0 = Debug|Any CPU
		{C0EA19B7-A26B-44E2-99DC-92A62DD0A9EB}.Debug|x86.ActiveCfg = Debug|Any CPU
		{C0EA19B7-A26B-44E2-99DC-92A62DD0A9EB}.Debug|x86.Build.0 = Debug|Any CPU
		{C0EA19B7-A26B-44E2-99DC-92A62DD0A9EB}.Release|Any CPU.ActiveCfg = Release|Any CPU
		{C0EA19B7-A26B-44E2-99DC-92A62DD0A9EB}.Release|Any CPU.Build.0 = Release|Any CPU
		{C0EA19B7-A26B-44E2-99DC-92A62DD0A9EB}.Release|x64.ActiveCfg = Release|Any CPU
		{C0EA19B7-A26B-44E2-99DC-92A62DD0A9EB}.Release|x64.Build.0 = Release|Any CPU
		{C0EA19B7-A26B-44E2-99DC-92A62DD0A9EB}.Release|x86.ActiveCfg = Release|Any CPU
		{C0EA19B7-A26B-44E2-99DC-92A62DD0A9EB}.Release|x86.Build.0 = Release|Any CPU
		{169B43BF-EFC3-4655-B829-1ABC6701E2DA}.Debug|Any CPU.ActiveCfg = Debug|Any CPU
		{169B43BF-EFC3-4655-B829-1ABC6701E2DA}.Debug|Any CPU.Build.0 = Debug|Any CPU
		{169B43BF-EFC3-4655-B829-1ABC6701E2DA}.Debug|x64.ActiveCfg = Debug|Any CPU
		{169B43BF-EFC3-4655-B829-1ABC6701E2DA}.Debug|x64.Build.0 = Debug|Any CPU
		{169B43BF-EFC3-4655-B829-1ABC6701E2DA}.Debug|x86.ActiveCfg = Debug|Any CPU
		{169B43BF-EFC3-4655-B829-1ABC6701E2DA}.Debug|x86.Build.0 = Debug|Any CPU
		{169B43BF-EFC3-4655-B829-1ABC6701E2DA}.Release|Any CPU.ActiveCfg = Release|Any CPU
		{169B43BF-EFC3-4655-B829-1ABC6701E2DA}.Release|Any CPU.Build.0 = Release|Any CPU
		{169B43BF-EFC3-4655-B829-1ABC6701E2DA}.Release|x64.ActiveCfg = Release|Any CPU
		{169B43BF-EFC3-4655-B829-1ABC6701E2DA}.Release|x64.Build.0 = Release|Any CPU
		{169B43BF-EFC3-4655-B829-1ABC6701E2DA}.Release|x86.ActiveCfg = Release|Any CPU
		{169B43BF-EFC3-4655-B829-1ABC6701E2DA}.Release|x86.Build.0 = Release|Any CPU
		{D22A1871-4856-4C59-BB5A-8EC2E97B843C}.Debug|Any CPU.ActiveCfg = Debug|Any CPU
		{D22A1871-4856-4C59-BB5A-8EC2E97B843C}.Debug|Any CPU.Build.0 = Debug|Any CPU
		{D22A1871-4856-4C59-BB5A-8EC2E97B843C}.Debug|x64.ActiveCfg = Debug|Any CPU
		{D22A1871-4856-4C59-BB5A-8EC2E97B843C}.Debug|x64.Build.0 = Debug|Any CPU
		{D22A1871-4856-4C59-BB5A-8EC2E97B843C}.Debug|x86.ActiveCfg = Debug|Any CPU
		{D22A1871-4856-4C59-BB5A-8EC2E97B843C}.Debug|x86.Build.0 = Debug|Any CPU
		{D22A1871-4856-4C59-BB5A-8EC2E97B843C}.Release|Any CPU.ActiveCfg = Release|Any CPU
		{D22A1871-4856-4C59-BB5A-8EC2E97B843C}.Release|Any CPU.Build.0 = Release|Any CPU
		{D22A1871-4856-4C59-BB5A-8EC2E97B843C}.Release|x64.ActiveCfg = Release|Any CPU
		{D22A1871-4856-4C59-BB5A-8EC2E97B843C}.Release|x64.Build.0 = Release|Any CPU
		{D22A1871-4856-4C59-BB5A-8EC2E97B843C}.Release|x86.ActiveCfg = Release|Any CPU
		{D22A1871-4856-4C59-BB5A-8EC2E97B843C}.Release|x86.Build.0 = Release|Any CPU
		{A7B3FE19-9C4F-48C3-AABF-E023AA7BC307}.Debug|Any CPU.ActiveCfg = Debug|Any CPU
		{A7B3FE19-9C4F-48C3-AABF-E023AA7BC307}.Debug|Any CPU.Build.0 = Debug|Any CPU
		{A7B3FE19-9C4F-48C3-AABF-E023AA7BC307}.Debug|x64.ActiveCfg = Debug|Any CPU
		{A7B3FE19-9C4F-48C3-AABF-E023AA7BC307}.Debug|x64.Build.0 = Debug|Any CPU
		{A7B3FE19-9C4F-48C3-AABF-E023AA7BC307}.Debug|x86.ActiveCfg = Debug|Any CPU
		{A7B3FE19-9C4F-48C3-AABF-E023AA7BC307}.Debug|x86.Build.0 = Debug|Any CPU
		{A7B3FE19-9C4F-48C3-AABF-E023AA7BC307}.Release|Any CPU.ActiveCfg = Release|Any CPU
		{A7B3FE19-9C4F-48C3-AABF-E023AA7BC307}.Release|Any CPU.Build.0 = Release|Any CPU
		{A7B3FE19-9C4F-48C3-AABF-E023AA7BC307}.Release|x64.ActiveCfg = Release|Any CPU
		{A7B3FE19-9C4F-48C3-AABF-E023AA7BC307}.Release|x64.Build.0 = Release|Any CPU
		{A7B3FE19-9C4F-48C3-AABF-E023AA7BC307}.Release|x86.ActiveCfg = Release|Any CPU
		{A7B3FE19-9C4F-48C3-AABF-E023AA7BC307}.Release|x86.Build.0 = Release|Any CPU
		{10A79B31-8BA9-4984-B53E-076CC3A0D41D}.Debug|Any CPU.ActiveCfg = Debug|Any CPU
		{10A79B31-8BA9-4984-B53E-076CC3A0D41D}.Debug|Any CPU.Build.0 = Debug|Any CPU
		{10A79B31-8BA9-4984-B53E-076CC3A0D41D}.Debug|x64.ActiveCfg = Debug|Any CPU
		{10A79B31-8BA9-4984-B53E-076CC3A0D41D}.Debug|x64.Build.0 = Debug|Any CPU
		{10A79B31-8BA9-4984-B53E-076CC3A0D41D}.Debug|x86.ActiveCfg = Debug|Any CPU
		{10A79B31-8BA9-4984-B53E-076CC3A0D41D}.Debug|x86.Build.0 = Debug|Any CPU
		{10A79B31-8BA9-4984-B53E-076CC3A0D41D}.Release|Any CPU.ActiveCfg = Release|Any CPU
		{10A79B31-8BA9-4984-B53E-076CC3A0D41D}.Release|Any CPU.Build.0 = Release|Any CPU
		{10A79B31-8BA9-4984-B53E-076CC3A0D41D}.Release|x64.ActiveCfg = Release|Any CPU
		{10A79B31-8BA9-4984-B53E-076CC3A0D41D}.Release|x64.Build.0 = Release|Any CPU
		{10A79B31-8BA9-4984-B53E-076CC3A0D41D}.Release|x86.ActiveCfg = Release|Any CPU
		{10A79B31-8BA9-4984-B53E-076CC3A0D41D}.Release|x86.Build.0 = Release|Any CPU
		{77AE25FE-AAFF-4278-A9B1-8A3E83BE8556}.Debug|Any CPU.ActiveCfg = Debug|Any CPU
		{77AE25FE-AAFF-4278-A9B1-8A3E83BE8556}.Debug|Any CPU.Build.0 = Debug|Any CPU
		{77AE25FE-AAFF-4278-A9B1-8A3E83BE8556}.Debug|x64.ActiveCfg = Debug|Any CPU
		{77AE25FE-AAFF-4278-A9B1-8A3E83BE8556}.Debug|x64.Build.0 = Debug|Any CPU
		{77AE25FE-AAFF-4278-A9B1-8A3E83BE8556}.Debug|x86.ActiveCfg = Debug|Any CPU
		{77AE25FE-AAFF-4278-A9B1-8A3E83BE8556}.Debug|x86.Build.0 = Debug|Any CPU
		{77AE25FE-AAFF-4278-A9B1-8A3E83BE8556}.Release|Any CPU.ActiveCfg = Release|Any CPU
		{77AE25FE-AAFF-4278-A9B1-8A3E83BE8556}.Release|Any CPU.Build.0 = Release|Any CPU
		{77AE25FE-AAFF-4278-A9B1-8A3E83BE8556}.Release|x64.ActiveCfg = Release|Any CPU
		{77AE25FE-AAFF-4278-A9B1-8A3E83BE8556}.Release|x64.Build.0 = Release|Any CPU
		{77AE25FE-AAFF-4278-A9B1-8A3E83BE8556}.Release|x86.ActiveCfg = Release|Any CPU
		{77AE25FE-AAFF-4278-A9B1-8A3E83BE8556}.Release|x86.Build.0 = Release|Any CPU
		{823487F7-2BB3-4086-9C86-5FCE52B179FB}.Debug|Any CPU.ActiveCfg = Debug|Any CPU
		{823487F7-2BB3-4086-9C86-5FCE52B179FB}.Debug|Any CPU.Build.0 = Debug|Any CPU
		{823487F7-2BB3-4086-9C86-5FCE52B179FB}.Debug|x64.ActiveCfg = Debug|Any CPU
		{823487F7-2BB3-4086-9C86-5FCE52B179FB}.Debug|x64.Build.0 = Debug|Any CPU
		{823487F7-2BB3-4086-9C86-5FCE52B179FB}.Debug|x86.ActiveCfg = Debug|Any CPU
		{823487F7-2BB3-4086-9C86-5FCE52B179FB}.Debug|x86.Build.0 = Debug|Any CPU
		{823487F7-2BB3-4086-9C86-5FCE52B179FB}.Release|Any CPU.ActiveCfg = Release|Any CPU
		{823487F7-2BB3-4086-9C86-5FCE52B179FB}.Release|Any CPU.Build.0 = Release|Any CPU
		{823487F7-2BB3-4086-9C86-5FCE52B179FB}.Release|x64.ActiveCfg = Release|Any CPU
		{823487F7-2BB3-4086-9C86-5FCE52B179FB}.Release|x64.Build.0 = Release|Any CPU
		{823487F7-2BB3-4086-9C86-5FCE52B179FB}.Release|x86.ActiveCfg = Release|Any CPU
		{823487F7-2BB3-4086-9C86-5FCE52B179FB}.Release|x86.Build.0 = Release|Any CPU
		{FDBD0118-A226-4C82-9FE2-38BD54449EFE}.Debug|Any CPU.ActiveCfg = Debug|Any CPU
		{FDBD0118-A226-4C82-9FE2-38BD54449EFE}.Debug|Any CPU.Build.0 = Debug|Any CPU
		{FDBD0118-A226-4C82-9FE2-38BD54449EFE}.Debug|x64.ActiveCfg = Debug|Any CPU
		{FDBD0118-A226-4C82-9FE2-38BD54449EFE}.Debug|x64.Build.0 = Debug|Any CPU
		{FDBD0118-A226-4C82-9FE2-38BD54449EFE}.Debug|x86.ActiveCfg = Debug|Any CPU
		{FDBD0118-A226-4C82-9FE2-38BD54449EFE}.Debug|x86.Build.0 = Debug|Any CPU
		{FDBD0118-A226-4C82-9FE2-38BD54449EFE}.Release|Any CPU.ActiveCfg = Release|Any CPU
		{FDBD0118-A226-4C82-9FE2-38BD54449EFE}.Release|Any CPU.Build.0 = Release|Any CPU
		{FDBD0118-A226-4C82-9FE2-38BD54449EFE}.Release|x64.ActiveCfg = Release|Any CPU
		{FDBD0118-A226-4C82-9FE2-38BD54449EFE}.Release|x64.Build.0 = Release|Any CPU
		{FDBD0118-A226-4C82-9FE2-38BD54449EFE}.Release|x86.ActiveCfg = Release|Any CPU
		{FDBD0118-A226-4C82-9FE2-38BD54449EFE}.Release|x86.Build.0 = Release|Any CPU
		{776FC3AB-E325-44BC-BD7C-45CA1E19C612}.Debug|Any CPU.ActiveCfg = Debug|Any CPU
		{776FC3AB-E325-44BC-BD7C-45CA1E19C612}.Debug|Any CPU.Build.0 = Debug|Any CPU
		{776FC3AB-E325-44BC-BD7C-45CA1E19C612}.Debug|x64.ActiveCfg = Debug|Any CPU
		{776FC3AB-E325-44BC-BD7C-45CA1E19C612}.Debug|x64.Build.0 = Debug|Any CPU
		{776FC3AB-E325-44BC-BD7C-45CA1E19C612}.Debug|x86.ActiveCfg = Debug|Any CPU
		{776FC3AB-E325-44BC-BD7C-45CA1E19C612}.Debug|x86.Build.0 = Debug|Any CPU
		{776FC3AB-E325-44BC-BD7C-45CA1E19C612}.Release|Any CPU.ActiveCfg = Release|Any CPU
		{776FC3AB-E325-44BC-BD7C-45CA1E19C612}.Release|Any CPU.Build.0 = Release|Any CPU
		{776FC3AB-E325-44BC-BD7C-45CA1E19C612}.Release|x64.ActiveCfg = Release|Any CPU
		{776FC3AB-E325-44BC-BD7C-45CA1E19C612}.Release|x64.Build.0 = Release|Any CPU
		{776FC3AB-E325-44BC-BD7C-45CA1E19C612}.Release|x86.ActiveCfg = Release|Any CPU
		{776FC3AB-E325-44BC-BD7C-45CA1E19C612}.Release|x86.Build.0 = Release|Any CPU
		{68FE6BBA-E1ED-431D-AAB1-C723B79ACF3C}.Debug|Any CPU.ActiveCfg = Debug|Any CPU
		{68FE6BBA-E1ED-431D-AAB1-C723B79ACF3C}.Debug|Any CPU.Build.0 = Debug|Any CPU
		{68FE6BBA-E1ED-431D-AAB1-C723B79ACF3C}.Debug|x64.ActiveCfg = Debug|Any CPU
		{68FE6BBA-E1ED-431D-AAB1-C723B79ACF3C}.Debug|x64.Build.0 = Debug|Any CPU
		{68FE6BBA-E1ED-431D-AAB1-C723B79ACF3C}.Debug|x86.ActiveCfg = Debug|Any CPU
		{68FE6BBA-E1ED-431D-AAB1-C723B79ACF3C}.Debug|x86.Build.0 = Debug|Any CPU
		{68FE6BBA-E1ED-431D-AAB1-C723B79ACF3C}.Release|Any CPU.ActiveCfg = Release|Any CPU
		{68FE6BBA-E1ED-431D-AAB1-C723B79ACF3C}.Release|Any CPU.Build.0 = Release|Any CPU
		{68FE6BBA-E1ED-431D-AAB1-C723B79ACF3C}.Release|x64.ActiveCfg = Release|Any CPU
		{68FE6BBA-E1ED-431D-AAB1-C723B79ACF3C}.Release|x64.Build.0 = Release|Any CPU
		{68FE6BBA-E1ED-431D-AAB1-C723B79ACF3C}.Release|x86.ActiveCfg = Release|Any CPU
		{68FE6BBA-E1ED-431D-AAB1-C723B79ACF3C}.Release|x86.Build.0 = Release|Any CPU
		{0F5025EB-B032-4BB7-BB94-63FE99ED3BCE}.Debug|Any CPU.ActiveCfg = Debug|Any CPU
		{0F5025EB-B032-4BB7-BB94-63FE99ED3BCE}.Debug|Any CPU.Build.0 = Debug|Any CPU
		{0F5025EB-B032-4BB7-BB94-63FE99ED3BCE}.Debug|x64.ActiveCfg = Debug|Any CPU
		{0F5025EB-B032-4BB7-BB94-63FE99ED3BCE}.Debug|x64.Build.0 = Debug|Any CPU
		{0F5025EB-B032-4BB7-BB94-63FE99ED3BCE}.Debug|x86.ActiveCfg = Debug|Any CPU
		{0F5025EB-B032-4BB7-BB94-63FE99ED3BCE}.Debug|x86.Build.0 = Debug|Any CPU
		{0F5025EB-B032-4BB7-BB94-63FE99ED3BCE}.Release|Any CPU.ActiveCfg = Release|Any CPU
		{0F5025EB-B032-4BB7-BB94-63FE99ED3BCE}.Release|Any CPU.Build.0 = Release|Any CPU
		{0F5025EB-B032-4BB7-BB94-63FE99ED3BCE}.Release|x64.ActiveCfg = Release|Any CPU
		{0F5025EB-B032-4BB7-BB94-63FE99ED3BCE}.Release|x64.Build.0 = Release|Any CPU
		{0F5025EB-B032-4BB7-BB94-63FE99ED3BCE}.Release|x86.ActiveCfg = Release|Any CPU
		{0F5025EB-B032-4BB7-BB94-63FE99ED3BCE}.Release|x86.Build.0 = Release|Any CPU
		{26DBEBF3-23C8-46BD-BE3A-7207C04B9813}.Debug|Any CPU.ActiveCfg = Debug|Any CPU
		{26DBEBF3-23C8-46BD-BE3A-7207C04B9813}.Debug|Any CPU.Build.0 = Debug|Any CPU
		{26DBEBF3-23C8-46BD-BE3A-7207C04B9813}.Debug|x64.ActiveCfg = Debug|Any CPU
		{26DBEBF3-23C8-46BD-BE3A-7207C04B9813}.Debug|x64.Build.0 = Debug|Any CPU
		{26DBEBF3-23C8-46BD-BE3A-7207C04B9813}.Debug|x86.ActiveCfg = Debug|Any CPU
		{26DBEBF3-23C8-46BD-BE3A-7207C04B9813}.Debug|x86.Build.0 = Debug|Any CPU
		{26DBEBF3-23C8-46BD-BE3A-7207C04B9813}.Release|Any CPU.ActiveCfg = Release|Any CPU
		{26DBEBF3-23C8-46BD-BE3A-7207C04B9813}.Release|Any CPU.Build.0 = Release|Any CPU
		{26DBEBF3-23C8-46BD-BE3A-7207C04B9813}.Release|x64.ActiveCfg = Release|Any CPU
		{26DBEBF3-23C8-46BD-BE3A-7207C04B9813}.Release|x64.Build.0 = Release|Any CPU
		{26DBEBF3-23C8-46BD-BE3A-7207C04B9813}.Release|x86.ActiveCfg = Release|Any CPU
		{26DBEBF3-23C8-46BD-BE3A-7207C04B9813}.Release|x86.Build.0 = Release|Any CPU
		{CB43281D-EFEB-48A9-A993-C2394A172EFA}.Debug|Any CPU.ActiveCfg = Debug|Any CPU
		{CB43281D-EFEB-48A9-A993-C2394A172EFA}.Debug|Any CPU.Build.0 = Debug|Any CPU
		{CB43281D-EFEB-48A9-A993-C2394A172EFA}.Debug|x64.ActiveCfg = Debug|Any CPU
		{CB43281D-EFEB-48A9-A993-C2394A172EFA}.Debug|x64.Build.0 = Debug|Any CPU
		{CB43281D-EFEB-48A9-A993-C2394A172EFA}.Debug|x86.ActiveCfg = Debug|Any CPU
		{CB43281D-EFEB-48A9-A993-C2394A172EFA}.Debug|x86.Build.0 = Debug|Any CPU
		{CB43281D-EFEB-48A9-A993-C2394A172EFA}.Release|Any CPU.ActiveCfg = Release|Any CPU
		{CB43281D-EFEB-48A9-A993-C2394A172EFA}.Release|Any CPU.Build.0 = Release|Any CPU
		{CB43281D-EFEB-48A9-A993-C2394A172EFA}.Release|x64.ActiveCfg = Release|Any CPU
		{CB43281D-EFEB-48A9-A993-C2394A172EFA}.Release|x64.Build.0 = Release|Any CPU
		{CB43281D-EFEB-48A9-A993-C2394A172EFA}.Release|x86.ActiveCfg = Release|Any CPU
		{CB43281D-EFEB-48A9-A993-C2394A172EFA}.Release|x86.Build.0 = Release|Any CPU
		{17C6A66C-E7CB-41FB-9C8B-264CD108E54E}.Debug|Any CPU.ActiveCfg = Debug|Any CPU
		{17C6A66C-E7CB-41FB-9C8B-264CD108E54E}.Debug|Any CPU.Build.0 = Debug|Any CPU
		{17C6A66C-E7CB-41FB-9C8B-264CD108E54E}.Debug|x64.ActiveCfg = Debug|Any CPU
		{17C6A66C-E7CB-41FB-9C8B-264CD108E54E}.Debug|x64.Build.0 = Debug|Any CPU
		{17C6A66C-E7CB-41FB-9C8B-264CD108E54E}.Debug|x86.ActiveCfg = Debug|Any CPU
		{17C6A66C-E7CB-41FB-9C8B-264CD108E54E}.Debug|x86.Build.0 = Debug|Any CPU
		{17C6A66C-E7CB-41FB-9C8B-264CD108E54E}.Release|Any CPU.ActiveCfg = Release|Any CPU
		{17C6A66C-E7CB-41FB-9C8B-264CD108E54E}.Release|Any CPU.Build.0 = Release|Any CPU
		{17C6A66C-E7CB-41FB-9C8B-264CD108E54E}.Release|x64.ActiveCfg = Release|Any CPU
		{17C6A66C-E7CB-41FB-9C8B-264CD108E54E}.Release|x64.Build.0 = Release|Any CPU
		{17C6A66C-E7CB-41FB-9C8B-264CD108E54E}.Release|x86.ActiveCfg = Release|Any CPU
		{17C6A66C-E7CB-41FB-9C8B-264CD108E54E}.Release|x86.Build.0 = Release|Any CPU
		{35CFB847-08E4-42E7-A6E3-D9CBEC00EE99}.Debug|Any CPU.ActiveCfg = Debug|Any CPU
		{35CFB847-08E4-42E7-A6E3-D9CBEC00EE99}.Debug|Any CPU.Build.0 = Debug|Any CPU
		{35CFB847-08E4-42E7-A6E3-D9CBEC00EE99}.Debug|x64.ActiveCfg = Debug|Any CPU
		{35CFB847-08E4-42E7-A6E3-D9CBEC00EE99}.Debug|x64.Build.0 = Debug|Any CPU
		{35CFB847-08E4-42E7-A6E3-D9CBEC00EE99}.Debug|x86.ActiveCfg = Debug|Any CPU
		{35CFB847-08E4-42E7-A6E3-D9CBEC00EE99}.Debug|x86.Build.0 = Debug|Any CPU
		{35CFB847-08E4-42E7-A6E3-D9CBEC00EE99}.Release|Any CPU.ActiveCfg = Release|Any CPU
		{35CFB847-08E4-42E7-A6E3-D9CBEC00EE99}.Release|Any CPU.Build.0 = Release|Any CPU
		{35CFB847-08E4-42E7-A6E3-D9CBEC00EE99}.Release|x64.ActiveCfg = Release|Any CPU
		{35CFB847-08E4-42E7-A6E3-D9CBEC00EE99}.Release|x64.Build.0 = Release|Any CPU
		{35CFB847-08E4-42E7-A6E3-D9CBEC00EE99}.Release|x86.ActiveCfg = Release|Any CPU
		{35CFB847-08E4-42E7-A6E3-D9CBEC00EE99}.Release|x86.Build.0 = Release|Any CPU
		{6FA6C692-98F4-41E6-9E59-7CEA1F3D7FF6}.Debug|Any CPU.ActiveCfg = Debug|Any CPU
		{6FA6C692-98F4-41E6-9E59-7CEA1F3D7FF6}.Debug|Any CPU.Build.0 = Debug|Any CPU
		{6FA6C692-98F4-41E6-9E59-7CEA1F3D7FF6}.Debug|x64.ActiveCfg = Debug|Any CPU
		{6FA6C692-98F4-41E6-9E59-7CEA1F3D7FF6}.Debug|x64.Build.0 = Debug|Any CPU
		{6FA6C692-98F4-41E6-9E59-7CEA1F3D7FF6}.Debug|x86.ActiveCfg = Debug|Any CPU
		{6FA6C692-98F4-41E6-9E59-7CEA1F3D7FF6}.Debug|x86.Build.0 = Debug|Any CPU
		{6FA6C692-98F4-41E6-9E59-7CEA1F3D7FF6}.Release|Any CPU.ActiveCfg = Release|Any CPU
		{6FA6C692-98F4-41E6-9E59-7CEA1F3D7FF6}.Release|Any CPU.Build.0 = Release|Any CPU
		{6FA6C692-98F4-41E6-9E59-7CEA1F3D7FF6}.Release|x64.ActiveCfg = Release|Any CPU
		{6FA6C692-98F4-41E6-9E59-7CEA1F3D7FF6}.Release|x64.Build.0 = Release|Any CPU
		{6FA6C692-98F4-41E6-9E59-7CEA1F3D7FF6}.Release|x86.ActiveCfg = Release|Any CPU
		{6FA6C692-98F4-41E6-9E59-7CEA1F3D7FF6}.Release|x86.Build.0 = Release|Any CPU
		{0AAEBDF4-71D9-4A40-8BD7-A4C998C5CFC5}.Debug|Any CPU.ActiveCfg = Debug|Any CPU
		{0AAEBDF4-71D9-4A40-8BD7-A4C998C5CFC5}.Debug|Any CPU.Build.0 = Debug|Any CPU
		{0AAEBDF4-71D9-4A40-8BD7-A4C998C5CFC5}.Debug|x64.ActiveCfg = Debug|Any CPU
		{0AAEBDF4-71D9-4A40-8BD7-A4C998C5CFC5}.Debug|x64.Build.0 = Debug|Any CPU
		{0AAEBDF4-71D9-4A40-8BD7-A4C998C5CFC5}.Debug|x86.ActiveCfg = Debug|Any CPU
		{0AAEBDF4-71D9-4A40-8BD7-A4C998C5CFC5}.Debug|x86.Build.0 = Debug|Any CPU
		{0AAEBDF4-71D9-4A40-8BD7-A4C998C5CFC5}.Release|Any CPU.ActiveCfg = Release|Any CPU
		{0AAEBDF4-71D9-4A40-8BD7-A4C998C5CFC5}.Release|Any CPU.Build.0 = Release|Any CPU
		{0AAEBDF4-71D9-4A40-8BD7-A4C998C5CFC5}.Release|x64.ActiveCfg = Release|Any CPU
		{0AAEBDF4-71D9-4A40-8BD7-A4C998C5CFC5}.Release|x64.Build.0 = Release|Any CPU
		{0AAEBDF4-71D9-4A40-8BD7-A4C998C5CFC5}.Release|x86.ActiveCfg = Release|Any CPU
		{0AAEBDF4-71D9-4A40-8BD7-A4C998C5CFC5}.Release|x86.Build.0 = Release|Any CPU
		{E1FB81EB-C8B0-48F9-9BCB-624474E879B1}.Debug|Any CPU.ActiveCfg = Debug|Any CPU
		{E1FB81EB-C8B0-48F9-9BCB-624474E879B1}.Debug|Any CPU.Build.0 = Debug|Any CPU
		{E1FB81EB-C8B0-48F9-9BCB-624474E879B1}.Debug|x64.ActiveCfg = Debug|Any CPU
		{E1FB81EB-C8B0-48F9-9BCB-624474E879B1}.Debug|x64.Build.0 = Debug|Any CPU
		{E1FB81EB-C8B0-48F9-9BCB-624474E879B1}.Debug|x86.ActiveCfg = Debug|Any CPU
		{E1FB81EB-C8B0-48F9-9BCB-624474E879B1}.Debug|x86.Build.0 = Debug|Any CPU
		{E1FB81EB-C8B0-48F9-9BCB-624474E879B1}.Release|Any CPU.ActiveCfg = Release|Any CPU
		{E1FB81EB-C8B0-48F9-9BCB-624474E879B1}.Release|Any CPU.Build.0 = Release|Any CPU
		{E1FB81EB-C8B0-48F9-9BCB-624474E879B1}.Release|x64.ActiveCfg = Release|Any CPU
		{E1FB81EB-C8B0-48F9-9BCB-624474E879B1}.Release|x64.Build.0 = Release|Any CPU
		{E1FB81EB-C8B0-48F9-9BCB-624474E879B1}.Release|x86.ActiveCfg = Release|Any CPU
		{E1FB81EB-C8B0-48F9-9BCB-624474E879B1}.Release|x86.Build.0 = Release|Any CPU
	EndGlobalSection
	GlobalSection(SolutionProperties) = preSolution
		HideSolutionNode = FALSE
	EndGlobalSection
	GlobalSection(NestedProjects) = preSolution
		{127096CA-F39F-4BA7-B4FC-3138D430895B} = {9AC7F707-81E5-44D7-8148-28069C8AACEB}
		{F97E74F9-A003-45D2-8830-DD4DE84C8EA8} = {127096CA-F39F-4BA7-B4FC-3138D430895B}
		{9B7555D1-55D6-40E6-A307-189BD46D2F56} = {127096CA-F39F-4BA7-B4FC-3138D430895B}
		{634DD505-7F47-42EC-AC2E-76C003F58D4A} = {127096CA-F39F-4BA7-B4FC-3138D430895B}
		{4A3B8AB7-089A-41D2-BA3C-70CFDAD8DC19} = {127096CA-F39F-4BA7-B4FC-3138D430895B}
		{AACDF391-E723-4F8A-98D6-1FEA43164211} = {F97E74F9-A003-45D2-8830-DD4DE84C8EA8}
		{AEEA57EA-9060-4868-9E33-D8CC57640A13} = {F97E74F9-A003-45D2-8830-DD4DE84C8EA8}
		{7626862F-700E-4938-9AD3-6AAD17D04CE5} = {9B7555D1-55D6-40E6-A307-189BD46D2F56}
		{78C15374-C6B0-4FD3-B92B-90B9443A2F55} = {9B7555D1-55D6-40E6-A307-189BD46D2F56}
		{DAD4BAFD-875B-47BB-B938-7EA8BB92B05E} = {4A3B8AB7-089A-41D2-BA3C-70CFDAD8DC19}
		{A004CDD2-2302-4BD6-9C5D-A0B05C0021E1} = {4A3B8AB7-089A-41D2-BA3C-70CFDAD8DC19}
		{FC07F4FF-D06A-4CF3-A31B-FB5B3124E90A} = {634DD505-7F47-42EC-AC2E-76C003F58D4A}
		{84F38947-4029-4135-B74F-5F357DCDCF16} = {634DD505-7F47-42EC-AC2E-76C003F58D4A}
		{AC9FC723-36B3-4B57-B429-DCA6C261F071} = {AACDF391-E723-4F8A-98D6-1FEA43164211}
		{61B17790-729D-4165-BC9B-AA558D352566} = {AEEA57EA-9060-4868-9E33-D8CC57640A13}
		{3EAD5046-9AC2-4EDD-BC57-7B487EED8463} = {7626862F-700E-4938-9AD3-6AAD17D04CE5}
		{AB67D154-0C94-4192-AA33-F8388E882DD4} = {78C15374-C6B0-4FD3-B92B-90B9443A2F55}
		{DE626722-0518-4A81-A133-29DAB743FF3F} = {78C15374-C6B0-4FD3-B92B-90B9443A2F55}
		{60E774BC-6D3F-4B02-8689-0CCE4E12A098} = {78C15374-C6B0-4FD3-B92B-90B9443A2F55}
		{7B3DA14A-F111-405C-A5E0-165431E41A46} = {DAD4BAFD-875B-47BB-B938-7EA8BB92B05E}
		{3FAD0261-89FA-4405-8253-FC13FCE050C1} = {A004CDD2-2302-4BD6-9C5D-A0B05C0021E1}
		{5EE2AEA6-317D-4565-97D2-83CD9854FD84} = {FC07F4FF-D06A-4CF3-A31B-FB5B3124E90A}
		{F3F9A7D6-F4DA-4202-818F-0C5A8F120933} = {84F38947-4029-4135-B74F-5F357DCDCF16}
		{A0E81C26-2005-4F64-9596-3CB3936E94BA} = {9AC7F707-81E5-44D7-8148-28069C8AACEB}
		{FF82468F-9541-4B11-B99E-43E3D3350174} = {A0E81C26-2005-4F64-9596-3CB3936E94BA}
		{6E8856FE-15E6-428C-83BA-4D9E925B1D21} = {FF82468F-9541-4B11-B99E-43E3D3350174}
		{D2A0CE91-BCCA-486D-97D9-184AE242E867} = {9AC7F707-81E5-44D7-8148-28069C8AACEB}
		{EE2FB786-543B-425C-A270-C19A36BEFB2F} = {D2A0CE91-BCCA-486D-97D9-184AE242E867}
		{42BAF3C9-8E06-438D-947F-6FCE2A415C30} = {EE2FB786-543B-425C-A270-C19A36BEFB2F}
		{A3DF22DD-8EC2-484A-9389-FA626FF8225D} = {EE2FB786-543B-425C-A270-C19A36BEFB2F}
		{A8993B89-C373-8F0C-9B12-0DFF5B889E57} = {9AC7F707-81E5-44D7-8148-28069C8AACEB}
		{A2459D9B-2091-0CBD-1E1C-4BA78C431D48} = {A8993B89-C373-8F0C-9B12-0DFF5B889E57}
		{E2D65941-2135-4589-A06F-560DBD0BED7A} = {A2459D9B-2091-0CBD-1E1C-4BA78C431D48}
		{77DF504F-F3DD-1DE9-391E-E9FD45EBE868} = {A8993B89-C373-8F0C-9B12-0DFF5B889E57}
		{1F59D6A0-424E-4BF9-8578-FDD39F0B06A1} = {77DF504F-F3DD-1DE9-391E-E9FD45EBE868}
		{5A4720EE-7E82-2AAA-E127-4D0C37CF5E64} = {A8993B89-C373-8F0C-9B12-0DFF5B889E57}
		{32FBF709-904B-4991-ACD3-C633E5893D84} = {5A4720EE-7E82-2AAA-E127-4D0C37CF5E64}
		{43B937B8-01C9-025E-027F-6ED25747EB6F} = {A8993B89-C373-8F0C-9B12-0DFF5B889E57}
		{C0EA19B7-A26B-44E2-99DC-92A62DD0A9EB} = {43B937B8-01C9-025E-027F-6ED25747EB6F}
		{7A5DC0AD-736C-7F2C-CE41-BA09BE029A04} = {A8993B89-C373-8F0C-9B12-0DFF5B889E57}
		{169B43BF-EFC3-4655-B829-1ABC6701E2DA} = {7A5DC0AD-736C-7F2C-CE41-BA09BE029A04}
		{60C2E3D1-040B-923C-8ABB-8BD5117630AA} = {A8993B89-C373-8F0C-9B12-0DFF5B889E57}
		{D22A1871-4856-4C59-BB5A-8EC2E97B843C} = {60C2E3D1-040B-923C-8ABB-8BD5117630AA}
		{EF300A30-A93A-D2F4-357A-E6F49E30AF7E} = {A8993B89-C373-8F0C-9B12-0DFF5B889E57}
		{A7B3FE19-9C4F-48C3-AABF-E023AA7BC307} = {EF300A30-A93A-D2F4-357A-E6F49E30AF7E}
		{1DEF1D9B-0583-02F1-BBDF-5C26143FE7FD} = {A8993B89-C373-8F0C-9B12-0DFF5B889E57}
		{10A79B31-8BA9-4984-B53E-076CC3A0D41D} = {1DEF1D9B-0583-02F1-BBDF-5C26143FE7FD}
		{B186E073-3FAA-B521-63DD-7D5E4665BF73} = {A8993B89-C373-8F0C-9B12-0DFF5B889E57}
		{77AE25FE-AAFF-4278-A9B1-8A3E83BE8556} = {B186E073-3FAA-B521-63DD-7D5E4665BF73}
		{CEA28A79-7A90-BBFC-521F-5A2131F15255} = {A8993B89-C373-8F0C-9B12-0DFF5B889E57}
		{823487F7-2BB3-4086-9C86-5FCE52B179FB} = {CEA28A79-7A90-BBFC-521F-5A2131F15255}
		{D23C8DCA-8125-CCE0-1178-09A975771158} = {A8993B89-C373-8F0C-9B12-0DFF5B889E57}
		{FDBD0118-A226-4C82-9FE2-38BD54449EFE} = {D23C8DCA-8125-CCE0-1178-09A975771158}
		{014CD38B-3598-E1DF-E0BB-5E1CC3866FB6} = {A8993B89-C373-8F0C-9B12-0DFF5B889E57}
		{776FC3AB-E325-44BC-BD7C-45CA1E19C612} = {014CD38B-3598-E1DF-E0BB-5E1CC3866FB6}
		{BAB14739-BEA1-5434-F6ED-EF9C49B76ED0} = {A8993B89-C373-8F0C-9B12-0DFF5B889E57}
		{68FE6BBA-E1ED-431D-AAB1-C723B79ACF3C} = {BAB14739-BEA1-5434-F6ED-EF9C49B76ED0}
		{DF207238-7EC6-109C-D0A1-08A61E2EA01B} = {A8993B89-C373-8F0C-9B12-0DFF5B889E57}
		{0F5025EB-B032-4BB7-BB94-63FE99ED3BCE} = {DF207238-7EC6-109C-D0A1-08A61E2EA01B}
		{E38BA6A0-9441-4C39-9BE0-DB2A16A75B58} = {A8993B89-C373-8F0C-9B12-0DFF5B889E57}
		{26DBEBF3-23C8-46BD-BE3A-7207C04B9813} = {E38BA6A0-9441-4C39-9BE0-DB2A16A75B58}
		{F4F44C0D-692D-1A32-5D47-0BA90A6145BE} = {A8993B89-C373-8F0C-9B12-0DFF5B889E57}
		{CB43281D-EFEB-48A9-A993-C2394A172EFA} = {F4F44C0D-692D-1A32-5D47-0BA90A6145BE}
		{4E19C600-0FB2-0F44-5E47-573DD41C055A} = {A8993B89-C373-8F0C-9B12-0DFF5B889E57}
		{17C6A66C-E7CB-41FB-9C8B-264CD108E54E} = {4E19C600-0FB2-0F44-5E47-573DD41C055A}
		{1781679F-72C4-9D6A-E4BC-B9A9BEED6EEB} = {A8993B89-C373-8F0C-9B12-0DFF5B889E57}
		{35CFB847-08E4-42E7-A6E3-D9CBEC00EE99} = {1781679F-72C4-9D6A-E4BC-B9A9BEED6EEB}
		{C793E1EE-3DFA-B621-E8BF-2EAEDBD13E5B} = {A8993B89-C373-8F0C-9B12-0DFF5B889E57}
		{6FA6C692-98F4-41E6-9E59-7CEA1F3D7FF6} = {C793E1EE-3DFA-B621-E8BF-2EAEDBD13E5B}
		{A22D4225-18AC-B1F9-1106-3D368B97D608} = {A8993B89-C373-8F0C-9B12-0DFF5B889E57}
		{0AAEBDF4-71D9-4A40-8BD7-A4C998C5CFC5} = {A22D4225-18AC-B1F9-1106-3D368B97D608}
		{D9471966-4E56-E6FC-7B9F-B1660F37D3DF} = {A8993B89-C373-8F0C-9B12-0DFF5B889E57}
		{E1FB81EB-C8B0-48F9-9BCB-624474E879B1} = {D9471966-4E56-E6FC-7B9F-B1660F37D3DF}
	EndGlobalSection
EndGlobal
