
Microsoft Visual Studio Solution File, Format Version 12.00
# Visual Studio Version 17
VisualStudioVersion = 17.0.31903.59
MinimumVisualStudioVersion = 10.0.40219.1
Project("{2150E333-8FDC-42A3-9474-1A3956D46DE8}") = "src", "src", "{9AC7F707-81E5-44D7-8148-28069C8AACEB}"
EndProject
Project("{2150E333-8FDC-42A3-9474-1A3956D46DE8}") = "BuildingBlocks", "BuildingBlocks", "{BAD69475-3245-487E-9EC9-AEE8DEE05F2D}"
EndProject
Project("{FAE04EC0-301F-11D3-BF4B-00C04F79EFBC}") = "BuildingBlocks", "src\BuildingBlocks\BuildingBlocks.csproj", "{36B477F2-BE8F-4481-A392-32A6585FA187}"
EndProject
Project("{2150E333-8FDC-42A3-9474-1A3956D46DE8}") = "Api", "Api", "{A0E81C26-2005-4F64-9596-3CB3936E94BA}"
EndProject
Project("{2150E333-8FDC-42A3-9474-1A3956D46DE8}") = "src", "src", "{FF82468F-9541-4B11-B99E-43E3D3350174}"
EndProject
Project("{FAE04EC0-301F-11D3-BF4B-00C04F79EFBC}") = "Api", "src\Api\src\Api.csproj", "{6E8856FE-15E6-428C-83BA-4D9E925B1D21}"
EndProject
Project("{2150E333-8FDC-42A3-9474-1A3956D46DE8}") = "Aspire", "Aspire", "{D2A0CE91-BCCA-486D-97D9-184AE242E867}"
EndProject
Project("{2150E333-8FDC-42A3-9474-1A3956D46DE8}") = "src", "src", "{EE2FB786-543B-425C-A270-C19A36BEFB2F}"
EndProject
Project("{FAE04EC0-301F-11D3-BF4B-00C04F79EFBC}") = "AppHost", "src\Aspire\src\AppHost\AppHost.csproj", "{42BAF3C9-8E06-438D-947F-6FCE2A415C30}"
EndProject
Project("{FAE04EC0-301F-11D3-BF4B-00C04F79EFBC}") = "ServiceDefaults", "src\Aspire\src\ServiceDefaults\ServiceDefaults.csproj", "{A3DF22DD-8EC2-484A-9389-FA626FF8225D}"
EndProject
Project("{2150E333-8FDC-42A3-9474-1A3956D46DE8}") = "Services", "Services", "{17609C9E-8DE9-0D9E-D121-E508649CBBD3}"
EndProject
Project("{2150E333-8FDC-42A3-9474-1A3956D46DE8}") = "Flight.Api", "Flight.Api", "{F7B6B0DA-6F96-0488-A548-6EFDF6C8CAC7}"
EndProject
Project("{2150E333-8FDC-42A3-9474-1A3956D46DE8}") = "src", "src", "{D077836B-92D4-B6CC-B5D1-DCFBE4B24EE5}"
EndProject
Project("{FAE04EC0-301F-11D3-BF4B-00C04F79EFBC}") = "Flight.Api", "src\Services\Flight.Api\src\Flight.Api.csproj", "{51653438-48C8-4F2B-B517-E40FEEEFDB03}"
EndProject
Project("{2150E333-8FDC-42A3-9474-1A3956D46DE8}") = "tests", "tests", "{E3112B48-D7F6-8924-1D1B-7EF78EE3E115}"
EndProject
Project("{FAE04EC0-301F-11D3-BF4B-00C04F79EFBC}") = "EndToEnd.Test", "src\Services\Flight.Api\tests\EndToEnd.Test\EndToEnd.Test.csproj", "{B5CDF467-C026-430F-BB4D-523D9E0FAC3F}"
EndProject
Project("{FAE04EC0-301F-11D3-BF4B-00C04F79EFBC}") = "Integration.Test", "src\Services\Flight.Api\tests\Integration.Test\Integration.Test.csproj", "{AAFC5BA0-86EB-4DEC-BDCD-2C49A6E40455}"
EndProject
Project("{FAE04EC0-301F-11D3-BF4B-00C04F79EFBC}") = "Unit.Test", "src\Services\Flight.Api\tests\Unit.Test\Unit.Test.csproj", "{924158F0-5156-4E57-90F1-DA4CE4117E72}"
EndProject
Project("{2150E333-8FDC-42A3-9474-1A3956D46DE8}") = "Passenger.Api", "Passenger.Api", "{6315B7F8-F2D7-104D-F4E2-F8E2E26C149E}"
EndProject
Project("{2150E333-8FDC-42A3-9474-1A3956D46DE8}") = "src", "src", "{ABB20BFD-B0F8-F008-BA45-AD46841D87FE}"
EndProject
Project("{FAE04EC0-301F-11D3-BF4B-00C04F79EFBC}") = "Passenger.Api", "src\Services\Passenger.Api\src\Passenger.Api.csproj", "{ED0B302D-1116-4122-93B2-90D8AB6C9765}"
EndProject
Project("{2150E333-8FDC-42A3-9474-1A3956D46DE8}") = "tests", "tests", "{8BD12897-3E0D-A9B6-5FD4-2304B9FC0B93}"
EndProject
Project("{FAE04EC0-301F-11D3-BF4B-00C04F79EFBC}") = "Integration.Test", "src\Services\Passenger.Api\tests\Integration.Test\Integration.Test.csproj", "{8D478B8C-C9F9-4DB4-BA04-6596353EEEAB}"
EndProject
Project("{2150E333-8FDC-42A3-9474-1A3956D46DE8}") = "Identity.Api", "Identity.Api", "{CF9156F6-F11E-E950-CB5C-CF82AB71544F}"
EndProject
Project("{2150E333-8FDC-42A3-9474-1A3956D46DE8}") = "src", "src", "{11480998-8CB2-132B-5A30-F48477BD6CD5}"
EndProject
Project("{FAE04EC0-301F-11D3-BF4B-00C04F79EFBC}") = "Identity.Api", "src\Services\Identity.Api\src\Identity.Api.csproj", "{15635238-627E-49D4-91BA-FB7BDD28A001}"
EndProject
Project("{2150E333-8FDC-42A3-9474-1A3956D46DE8}") = "tests", "tests", "{F9A720CB-1879-2AA5-C87E-941CA256D15F}"
EndProject
Project("{FAE04EC0-301F-11D3-BF4B-00C04F79EFBC}") = "Integration.Test", "src\Services\Identity.Api\tests\Integration.Test\Integration.Test.csproj", "{6E496D47-5962-45A7-980C-058B293434CC}"
EndProject
Project("{2150E333-8FDC-42A3-9474-1A3956D46DE8}") = "Booking.Api", "Booking.Api", "{4FC781B6-D721-50BB-96D2-ED03CECE8C6E}"
EndProject
Project("{2150E333-8FDC-42A3-9474-1A3956D46DE8}") = "src", "src", "{051F1D65-5ACC-B097-AD9A-7182324A4AA5}"
EndProject
Project("{FAE04EC0-301F-11D3-BF4B-00C04F79EFBC}") = "Booking.Api", "src\Services\Booking.Api\src\Booking.Api.csproj", "{82778D42-A2A9-48F4-BF5F-2052F5FF4B5B}"
EndProject
Project("{2150E333-8FDC-42A3-9474-1A3956D46DE8}") = "tests", "tests", "{E586C070-1D32-A119-4047-D0C1E0E0929E}"
EndProject
Project("{FAE04EC0-301F-11D3-BF4B-00C04F79EFBC}") = "Integration.Test", "src\Services\Booking.Api\tests\Integration.Test\Integration.Test.csproj", "{03FF886F-269B-4C04-BC05-1AA8BE54478E}"
EndProject
Project("{FAE04EC0-301F-11D3-BF4B-00C04F79EFBC}") = "Contract.Test", "src\Services\Contract.Test\Contract.Test.csproj", "{51D7CB06-27A2-4DCE-8D01-C2241F3127AF}"
EndProject
Global
	GlobalSection(SolutionConfigurationPlatforms) = preSolution
		Debug|Any CPU = Debug|Any CPU
		Debug|x64 = Debug|x64
		Debug|x86 = Debug|x86
		Release|Any CPU = Release|Any CPU
		Release|x64 = Release|x64
		Release|x86 = Release|x86
	EndGlobalSection
	GlobalSection(ProjectConfigurationPlatforms) = postSolution
		{36B477F2-BE8F-4481-A392-32A6585FA187}.Debug|Any CPU.ActiveCfg = Debug|Any CPU
		{36B477F2-BE8F-4481-A392-32A6585FA187}.Debug|Any CPU.Build.0 = Debug|Any CPU
		{36B477F2-BE8F-4481-A392-32A6585FA187}.Debug|x64.ActiveCfg = Debug|Any CPU
		{36B477F2-BE8F-4481-A392-32A6585FA187}.Debug|x64.Build.0 = Debug|Any CPU
		{36B477F2-BE8F-4481-A392-32A6585FA187}.Debug|x86.ActiveCfg = Debug|Any CPU
		{36B477F2-BE8F-4481-A392-32A6585FA187}.Debug|x86.Build.0 = Debug|Any CPU
		{36B477F2-BE8F-4481-A392-32A6585FA187}.Release|Any CPU.ActiveCfg = Release|Any CPU
		{36B477F2-BE8F-4481-A392-32A6585FA187}.Release|Any CPU.Build.0 = Release|Any CPU
		{36B477F2-BE8F-4481-A392-32A6585FA187}.Release|x64.ActiveCfg = Release|Any CPU
		{36B477F2-BE8F-4481-A392-32A6585FA187}.Release|x64.Build.0 = Release|Any CPU
		{36B477F2-BE8F-4481-A392-32A6585FA187}.Release|x86.ActiveCfg = Release|Any CPU
		{36B477F2-BE8F-4481-A392-32A6585FA187}.Release|x86.Build.0 = Release|Any CPU
		{6E8856FE-15E6-428C-83BA-4D9E925B1D21}.Debug|Any CPU.ActiveCfg = Debug|Any CPU
		{6E8856FE-15E6-428C-83BA-4D9E925B1D21}.Debug|Any CPU.Build.0 = Debug|Any CPU
		{6E8856FE-15E6-428C-83BA-4D9E925B1D21}.Debug|x64.ActiveCfg = Debug|Any CPU
		{6E8856FE-15E6-428C-83BA-4D9E925B1D21}.Debug|x64.Build.0 = Debug|Any CPU
		{6E8856FE-15E6-428C-83BA-4D9E925B1D21}.Debug|x86.ActiveCfg = Debug|Any CPU
		{6E8856FE-15E6-428C-83BA-4D9E925B1D21}.Debug|x86.Build.0 = Debug|Any CPU
		{6E8856FE-15E6-428C-83BA-4D9E925B1D21}.Release|Any CPU.ActiveCfg = Release|Any CPU
		{6E8856FE-15E6-428C-83BA-4D9E925B1D21}.Release|Any CPU.Build.0 = Release|Any CPU
		{6E8856FE-15E6-428C-83BA-4D9E925B1D21}.Release|x64.ActiveCfg = Release|Any CPU
		{6E8856FE-15E6-428C-83BA-4D9E925B1D21}.Release|x64.Build.0 = Release|Any CPU
		{6E8856FE-15E6-428C-83BA-4D9E925B1D21}.Release|x86.ActiveCfg = Release|Any CPU
		{6E8856FE-15E6-428C-83BA-4D9E925B1D21}.Release|x86.Build.0 = Release|Any CPU
		{42BAF3C9-8E06-438D-947F-6FCE2A415C30}.Debug|Any CPU.ActiveCfg = Debug|Any CPU
		{42BAF3C9-8E06-438D-947F-6FCE2A415C30}.Debug|Any CPU.Build.0 = Debug|Any CPU
		{42BAF3C9-8E06-438D-947F-6FCE2A415C30}.Debug|x64.ActiveCfg = Debug|Any CPU
		{42BAF3C9-8E06-438D-947F-6FCE2A415C30}.Debug|x64.Build.0 = Debug|Any CPU
		{42BAF3C9-8E06-438D-947F-6FCE2A415C30}.Debug|x86.ActiveCfg = Debug|Any CPU
		{42BAF3C9-8E06-438D-947F-6FCE2A415C30}.Debug|x86.Build.0 = Debug|Any CPU
		{42BAF3C9-8E06-438D-947F-6FCE2A415C30}.Release|Any CPU.ActiveCfg = Release|Any CPU
		{42BAF3C9-8E06-438D-947F-6FCE2A415C30}.Release|Any CPU.Build.0 = Release|Any CPU
		{42BAF3C9-8E06-438D-947F-6FCE2A415C30}.Release|x64.ActiveCfg = Release|Any CPU
		{42BAF3C9-8E06-438D-947F-6FCE2A415C30}.Release|x64.Build.0 = Release|Any CPU
		{42BAF3C9-8E06-438D-947F-6FCE2A415C30}.Release|x86.ActiveCfg = Release|Any CPU
		{42BAF3C9-8E06-438D-947F-6FCE2A415C30}.Release|x86.Build.0 = Release|Any CPU
		{A3DF22DD-8EC2-484A-9389-FA626FF8225D}.Debug|Any CPU.ActiveCfg = Debug|Any CPU
		{A3DF22DD-8EC2-484A-9389-FA626FF8225D}.Debug|Any CPU.Build.0 = Debug|Any CPU
		{A3DF22DD-8EC2-484A-9389-FA626FF8225D}.Debug|x64.ActiveCfg = Debug|Any CPU
		{A3DF22DD-8EC2-484A-9389-FA626FF8225D}.Debug|x64.Build.0 = Debug|Any CPU
		{A3DF22DD-8EC2-484A-9389-FA626FF8225D}.Debug|x86.ActiveCfg = Debug|Any CPU
		{A3DF22DD-8EC2-484A-9389-FA626FF8225D}.Debug|x86.Build.0 = Debug|Any CPU
		{A3DF22DD-8EC2-484A-9389-FA626FF8225D}.Release|Any CPU.ActiveCfg = Release|Any CPU
		{A3DF22DD-8EC2-484A-9389-FA626FF8225D}.Release|Any CPU.Build.0 = Release|Any CPU
		{A3DF22DD-8EC2-484A-9389-FA626FF8225D}.Release|x64.ActiveCfg = Release|Any CPU
		{A3DF22DD-8EC2-484A-9389-FA626FF8225D}.Release|x64.Build.0 = Release|Any CPU
		{A3DF22DD-8EC2-484A-9389-FA626FF8225D}.Release|x86.ActiveCfg = Release|Any CPU
		{A3DF22DD-8EC2-484A-9389-FA626FF8225D}.Release|x86.Build.0 = Release|Any CPU
		{51653438-48C8-4F2B-B517-E40FEEEFDB03}.Debug|Any CPU.ActiveCfg = Debug|Any CPU
		{51653438-48C8-4F2B-B517-E40FEEEFDB03}.Debug|Any CPU.Build.0 = Debug|Any CPU
		{51653438-48C8-4F2B-B517-E40FEEEFDB03}.Debug|x64.ActiveCfg = Debug|Any CPU
		{51653438-48C8-4F2B-B517-E40FEEEFDB03}.Debug|x64.Build.0 = Debug|Any CPU
		{51653438-48C8-4F2B-B517-E40FEEEFDB03}.Debug|x86.ActiveCfg = Debug|Any CPU
		{51653438-48C8-4F2B-B517-E40FEEEFDB03}.Debug|x86.Build.0 = Debug|Any CPU
		{51653438-48C8-4F2B-B517-E40FEEEFDB03}.Release|Any CPU.ActiveCfg = Release|Any CPU
		{51653438-48C8-4F2B-B517-E40FEEEFDB03}.Release|Any CPU.Build.0 = Release|Any CPU
		{51653438-48C8-4F2B-B517-E40FEEEFDB03}.Release|x64.ActiveCfg = Release|Any CPU
		{51653438-48C8-4F2B-B517-E40FEEEFDB03}.Release|x64.Build.0 = Release|Any CPU
		{51653438-48C8-4F2B-B517-E40FEEEFDB03}.Release|x86.ActiveCfg = Release|Any CPU
		{51653438-48C8-4F2B-B517-E40FEEEFDB03}.Release|x86.Build.0 = Release|Any CPU
		{B5CDF467-C026-430F-BB4D-523D9E0FAC3F}.Debug|Any CPU.ActiveCfg = Debug|Any CPU
		{B5CDF467-C026-430F-BB4D-523D9E0FAC3F}.Debug|Any CPU.Build.0 = Debug|Any CPU
		{B5CDF467-C026-430F-BB4D-523D9E0FAC3F}.Debug|x64.ActiveCfg = Debug|Any CPU
		{B5CDF467-C026-430F-BB4D-523D9E0FAC3F}.Debug|x64.Build.0 = Debug|Any CPU
		{B5CDF467-C026-430F-BB4D-523D9E0FAC3F}.Debug|x86.ActiveCfg = Debug|Any CPU
		{B5CDF467-C026-430F-BB4D-523D9E0FAC3F}.Debug|x86.Build.0 = Debug|Any CPU
		{B5CDF467-C026-430F-BB4D-523D9E0FAC3F}.Release|Any CPU.ActiveCfg = Release|Any CPU
		{B5CDF467-C026-430F-BB4D-523D9E0FAC3F}.Release|Any CPU.Build.0 = Release|Any CPU
		{B5CDF467-C026-430F-BB4D-523D9E0FAC3F}.Release|x64.ActiveCfg = Release|Any CPU
		{B5CDF467-C026-430F-BB4D-523D9E0FAC3F}.Release|x64.Build.0 = Release|Any CPU
		{B5CDF467-C026-430F-BB4D-523D9E0FAC3F}.Release|x86.ActiveCfg = Release|Any CPU
		{B5CDF467-C026-430F-BB4D-523D9E0FAC3F}.Release|x86.Build.0 = Release|Any CPU
		{AAFC5BA0-86EB-4DEC-BDCD-2C49A6E40455}.Debug|Any CPU.ActiveCfg = Debug|Any CPU
		{AAFC5BA0-86EB-4DEC-BDCD-2C49A6E40455}.Debug|Any CPU.Build.0 = Debug|Any CPU
		{AAFC5BA0-86EB-4DEC-BDCD-2C49A6E40455}.Debug|x64.ActiveCfg = Debug|Any CPU
		{AAFC5BA0-86EB-4DEC-BDCD-2C49A6E40455}.Debug|x64.Build.0 = Debug|Any CPU
		{AAFC5BA0-86EB-4DEC-BDCD-2C49A6E40455}.Debug|x86.ActiveCfg = Debug|Any CPU
		{AAFC5BA0-86EB-4DEC-BDCD-2C49A6E40455}.Debug|x86.Build.0 = Debug|Any CPU
		{AAFC5BA0-86EB-4DEC-BDCD-2C49A6E40455}.Release|Any CPU.ActiveCfg = Release|Any CPU
		{AAFC5BA0-86EB-4DEC-BDCD-2C49A6E40455}.Release|Any CPU.Build.0 = Release|Any CPU
		{AAFC5BA0-86EB-4DEC-BDCD-2C49A6E40455}.Release|x64.ActiveCfg = Release|Any CPU
		{AAFC5BA0-86EB-4DEC-BDCD-2C49A6E40455}.Release|x64.Build.0 = Release|Any CPU
		{AAFC5BA0-86EB-4DEC-BDCD-2C49A6E40455}.Release|x86.ActiveCfg = Release|Any CPU
		{AAFC5BA0-86EB-4DEC-BDCD-2C49A6E40455}.Release|x86.Build.0 = Release|Any CPU
		{924158F0-5156-4E57-90F1-DA4CE4117E72}.Debug|Any CPU.ActiveCfg = Debug|Any CPU
		{924158F0-5156-4E57-90F1-DA4CE4117E72}.Debug|Any CPU.Build.0 = Debug|Any CPU
		{924158F0-5156-4E57-90F1-DA4CE4117E72}.Debug|x64.ActiveCfg = Debug|Any CPU
		{924158F0-5156-4E57-90F1-DA4CE4117E72}.Debug|x64.Build.0 = Debug|Any CPU
		{924158F0-5156-4E57-90F1-DA4CE4117E72}.Debug|x86.ActiveCfg = Debug|Any CPU
		{924158F0-5156-4E57-90F1-DA4CE4117E72}.Debug|x86.Build.0 = Debug|Any CPU
		{924158F0-5156-4E57-90F1-DA4CE4117E72}.Release|Any CPU.ActiveCfg = Release|Any CPU
		{924158F0-5156-4E57-90F1-DA4CE4117E72}.Release|Any CPU.Build.0 = Release|Any CPU
		{924158F0-5156-4E57-90F1-DA4CE4117E72}.Release|x64.ActiveCfg = Release|Any CPU
		{924158F0-5156-4E57-90F1-DA4CE4117E72}.Release|x64.Build.0 = Release|Any CPU
		{924158F0-5156-4E57-90F1-DA4CE4117E72}.Release|x86.ActiveCfg = Release|Any CPU
		{924158F0-5156-4E57-90F1-DA4CE4117E72}.Release|x86.Build.0 = Release|Any CPU
		{ED0B302D-1116-4122-93B2-90D8AB6C9765}.Debug|Any CPU.ActiveCfg = Debug|Any CPU
		{ED0B302D-1116-4122-93B2-90D8AB6C9765}.Debug|Any CPU.Build.0 = Debug|Any CPU
		{ED0B302D-1116-4122-93B2-90D8AB6C9765}.Debug|x64.ActiveCfg = Debug|Any CPU
		{ED0B302D-1116-4122-93B2-90D8AB6C9765}.Debug|x64.Build.0 = Debug|Any CPU
		{ED0B302D-1116-4122-93B2-90D8AB6C9765}.Debug|x86.ActiveCfg = Debug|Any CPU
		{ED0B302D-1116-4122-93B2-90D8AB6C9765}.Debug|x86.Build.0 = Debug|Any CPU
		{ED0B302D-1116-4122-93B2-90D8AB6C9765}.Release|Any CPU.ActiveCfg = Release|Any CPU
		{ED0B302D-1116-4122-93B2-90D8AB6C9765}.Release|Any CPU.Build.0 = Release|Any CPU
		{ED0B302D-1116-4122-93B2-90D8AB6C9765}.Release|x64.ActiveCfg = Release|Any CPU
		{ED0B302D-1116-4122-93B2-90D8AB6C9765}.Release|x64.Build.0 = Release|Any CPU
		{ED0B302D-1116-4122-93B2-90D8AB6C9765}.Release|x86.ActiveCfg = Release|Any CPU
		{ED0B302D-1116-4122-93B2-90D8AB6C9765}.Release|x86.Build.0 = Release|Any CPU
		{8D478B8C-C9F9-4DB4-BA04-6596353EEEAB}.Debug|Any CPU.ActiveCfg = Debug|Any CPU
		{8D478B8C-C9F9-4DB4-BA04-6596353EEEAB}.Debug|Any CPU.Build.0 = Debug|Any CPU
		{8D478B8C-C9F9-4DB4-BA04-6596353EEEAB}.Debug|x64.ActiveCfg = Debug|Any CPU
		{8D478B8C-C9F9-4DB4-BA04-6596353EEEAB}.Debug|x64.Build.0 = Debug|Any CPU
		{8D478B8C-C9F9-4DB4-BA04-6596353EEEAB}.Debug|x86.ActiveCfg = Debug|Any CPU
		{8D478B8C-C9F9-4DB4-BA04-6596353EEEAB}.Debug|x86.Build.0 = Debug|Any CPU
		{8D478B8C-C9F9-4DB4-BA04-6596353EEEAB}.Release|Any CPU.ActiveCfg = Release|Any CPU
		{8D478B8C-C9F9-4DB4-BA04-6596353EEEAB}.Release|Any CPU.Build.0 = Release|Any CPU
		{8D478B8C-C9F9-4DB4-BA04-6596353EEEAB}.Release|x64.ActiveCfg = Release|Any CPU
		{8D478B8C-C9F9-4DB4-BA04-6596353EEEAB}.Release|x64.Build.0 = Release|Any CPU
		{8D478B8C-C9F9-4DB4-BA04-6596353EEEAB}.Release|x86.ActiveCfg = Release|Any CPU
		{8D478B8C-C9F9-4DB4-BA04-6596353EEEAB}.Release|x86.Build.0 = Release|Any CPU
		{15635238-627E-49D4-91BA-FB7BDD28A001}.Debug|Any CPU.ActiveCfg = Debug|Any CPU
		{15635238-627E-49D4-91BA-FB7BDD28A001}.Debug|Any CPU.Build.0 = Debug|Any CPU
		{15635238-627E-49D4-91BA-FB7BDD28A001}.Debug|x64.ActiveCfg = Debug|Any CPU
		{15635238-627E-49D4-91BA-FB7BDD28A001}.Debug|x64.Build.0 = Debug|Any CPU
		{15635238-627E-49D4-91BA-FB7BDD28A001}.Debug|x86.ActiveCfg = Debug|Any CPU
		{15635238-627E-49D4-91BA-FB7BDD28A001}.Debug|x86.Build.0 = Debug|Any CPU
		{15635238-627E-49D4-91BA-FB7BDD28A001}.Release|Any CPU.ActiveCfg = Release|Any CPU
		{15635238-627E-49D4-91BA-FB7BDD28A001}.Release|Any CPU.Build.0 = Release|Any CPU
		{15635238-627E-49D4-91BA-FB7BDD28A001}.Release|x64.ActiveCfg = Release|Any CPU
		{15635238-627E-49D4-91BA-FB7BDD28A001}.Release|x64.Build.0 = Release|Any CPU
		{15635238-627E-49D4-91BA-FB7BDD28A001}.Release|x86.ActiveCfg = Release|Any CPU
		{15635238-627E-49D4-91BA-FB7BDD28A001}.Release|x86.Build.0 = Release|Any CPU
		{6E496D47-5962-45A7-980C-058B293434CC}.Debug|Any CPU.ActiveCfg = Debug|Any CPU
		{6E496D47-5962-45A7-980C-058B293434CC}.Debug|Any CPU.Build.0 = Debug|Any CPU
		{6E496D47-5962-45A7-980C-058B293434CC}.Debug|x64.ActiveCfg = Debug|Any CPU
		{6E496D47-5962-45A7-980C-058B293434CC}.Debug|x64.Build.0 = Debug|Any CPU
		{6E496D47-5962-45A7-980C-058B293434CC}.Debug|x86.ActiveCfg = Debug|Any CPU
		{6E496D47-5962-45A7-980C-058B293434CC}.Debug|x86.Build.0 = Debug|Any CPU
		{6E496D47-5962-45A7-980C-058B293434CC}.Release|Any CPU.ActiveCfg = Release|Any CPU
		{6E496D47-5962-45A7-980C-058B293434CC}.Release|Any CPU.Build.0 = Release|Any CPU
		{6E496D47-5962-45A7-980C-058B293434CC}.Release|x64.ActiveCfg = Release|Any CPU
		{6E496D47-5962-45A7-980C-058B293434CC}.Release|x64.Build.0 = Release|Any CPU
		{6E496D47-5962-45A7-980C-058B293434CC}.Release|x86.ActiveCfg = Release|Any CPU
		{6E496D47-5962-45A7-980C-058B293434CC}.Release|x86.Build.0 = Release|Any CPU
		{82778D42-A2A9-48F4-BF5F-2052F5FF4B5B}.Debug|Any CPU.ActiveCfg = Debug|Any CPU
		{82778D42-A2A9-48F4-BF5F-2052F5FF4B5B}.Debug|Any CPU.Build.0 = Debug|Any CPU
		{82778D42-A2A9-48F4-BF5F-2052F5FF4B5B}.Debug|x64.ActiveCfg = Debug|Any CPU
		{82778D42-A2A9-48F4-BF5F-2052F5FF4B5B}.Debug|x64.Build.0 = Debug|Any CPU
		{82778D42-A2A9-48F4-BF5F-2052F5FF4B5B}.Debug|x86.ActiveCfg = Debug|Any CPU
		{82778D42-A2A9-48F4-BF5F-2052F5FF4B5B}.Debug|x86.Build.0 = Debug|Any CPU
		{82778D42-A2A9-48F4-BF5F-2052F5FF4B5B}.Release|Any CPU.ActiveCfg = Release|Any CPU
		{82778D42-A2A9-48F4-BF5F-2052F5FF4B5B}.Release|Any CPU.Build.0 = Release|Any CPU
		{82778D42-A2A9-48F4-BF5F-2052F5FF4B5B}.Release|x64.ActiveCfg = Release|Any CPU
		{82778D42-A2A9-48F4-BF5F-2052F5FF4B5B}.Release|x64.Build.0 = Release|Any CPU
		{82778D42-A2A9-48F4-BF5F-2052F5FF4B5B}.Release|x86.ActiveCfg = Release|Any CPU
		{82778D42-A2A9-48F4-BF5F-2052F5FF4B5B}.Release|x86.Build.0 = Release|Any CPU
		{03FF886F-269B-4C04-BC05-1AA8BE54478E}.Debug|Any CPU.ActiveCfg = Debug|Any CPU
		{03FF886F-269B-4C04-BC05-1AA8BE54478E}.Debug|Any CPU.Build.0 = Debug|Any CPU
		{03FF886F-269B-4C04-BC05-1AA8BE54478E}.Debug|x64.ActiveCfg = Debug|Any CPU
		{03FF886F-269B-4C04-BC05-1AA8BE54478E}.Debug|x64.Build.0 = Debug|Any CPU
		{03FF886F-269B-4C04-BC05-1AA8BE54478E}.Debug|x86.ActiveCfg = Debug|Any CPU
		{03FF886F-269B-4C04-BC05-1AA8BE54478E}.Debug|x86.Build.0 = Debug|Any CPU
		{03FF886F-269B-4C04-BC05-1AA8BE54478E}.Release|Any CPU.ActiveCfg = Release|Any CPU
		{03FF886F-269B-4C04-BC05-1AA8BE54478E}.Release|Any CPU.Build.0 = Release|Any CPU
		{03FF886F-269B-4C04-BC05-1AA8BE54478E}.Release|x64.ActiveCfg = Release|Any CPU
		{03FF886F-269B-4C04-BC05-1AA8BE54478E}.Release|x64.Build.0 = Release|Any CPU
		{03FF886F-269B-4C04-BC05-1AA8BE54478E}.Release|x86.ActiveCfg = Release|Any CPU
		{03FF886F-269B-4C04-BC05-1AA8BE54478E}.Release|x86.Build.0 = Release|Any CPU
		{51D7CB06-27A2-4DCE-8D01-C2241F3127AF}.Debug|Any CPU.ActiveCfg = Debug|Any CPU
		{51D7CB06-27A2-4DCE-8D01-C2241F3127AF}.Debug|Any CPU.Build.0 = Debug|Any CPU
		{51D7CB06-27A2-4DCE-8D01-C2241F3127AF}.Debug|x64.ActiveCfg = Debug|Any CPU
		{51D7CB06-27A2-4DCE-8D01-C2241F3127AF}.Debug|x64.Build.0 = Debug|Any CPU
		{51D7CB06-27A2-4DCE-8D01-C2241F3127AF}.Debug|x86.ActiveCfg = Debug|Any CPU
		{51D7CB06-27A2-4DCE-8D01-C2241F3127AF}.Debug|x86.Build.0 = Debug|Any CPU
		{51D7CB06-27A2-4DCE-8D01-C2241F3127AF}.Release|Any CPU.ActiveCfg = Release|Any CPU
		{51D7CB06-27A2-4DCE-8D01-C2241F3127AF}.Release|Any CPU.Build.0 = Release|Any CPU
		{51D7CB06-27A2-4DCE-8D01-C2241F3127AF}.Release|x64.ActiveCfg = Release|Any CPU
		{51D7CB06-27A2-4DCE-8D01-C2241F3127AF}.Release|x64.Build.0 = Release|Any CPU
		{51D7CB06-27A2-4DCE-8D01-C2241F3127AF}.Release|x86.ActiveCfg = Release|Any CPU
		{51D7CB06-27A2-4DCE-8D01-C2241F3127AF}.Release|x86.Build.0 = Release|Any CPU
	EndGlobalSection
	GlobalSection(SolutionProperties) = preSolution
		HideSolutionNode = FALSE
	EndGlobalSection
	GlobalSection(NestedProjects) = preSolution
		{BAD69475-3245-487E-9EC9-AEE8DEE05F2D} = {9AC7F707-81E5-44D7-8148-28069C8AACEB}
		{36B477F2-BE8F-4481-A392-32A6585FA187} = {BAD69475-3245-487E-9EC9-AEE8DEE05F2D}
		{A0E81C26-2005-4F64-9596-3CB3936E94BA} = {9AC7F707-81E5-44D7-8148-28069C8AACEB}
		{FF82468F-9541-4B11-B99E-43E3D3350174} = {A0E81C26-2005-4F64-9596-3CB3936E94BA}
		{6E8856FE-15E6-428C-83BA-4D9E925B1D21} = {FF82468F-9541-4B11-B99E-43E3D3350174}
		{D2A0CE91-BCCA-486D-97D9-184AE242E867} = {9AC7F707-81E5-44D7-8148-28069C8AACEB}
		{EE2FB786-543B-425C-A270-C19A36BEFB2F} = {D2A0CE91-BCCA-486D-97D9-184AE242E867}
		{42BAF3C9-8E06-438D-947F-6FCE2A415C30} = {EE2FB786-543B-425C-A270-C19A36BEFB2F}
		{A3DF22DD-8EC2-484A-9389-FA626FF8225D} = {EE2FB786-543B-425C-A270-C19A36BEFB2F}
		{17609C9E-8DE9-0D9E-D121-E508649CBBD3} = {9AC7F707-81E5-44D7-8148-28069C8AACEB}
		{F7B6B0DA-6F96-0488-A548-6EFDF6C8CAC7} = {17609C9E-8DE9-0D9E-D121-E508649CBBD3}
		{D077836B-92D4-B6CC-B5D1-DCFBE4B24EE5} = {F7B6B0DA-6F96-0488-A548-6EFDF6C8CAC7}
		{51653438-48C8-4F2B-B517-E40FEEEFDB03} = {D077836B-92D4-B6CC-B5D1-DCFBE4B24EE5}
		{E3112B48-D7F6-8924-1D1B-7EF78EE3E115} = {F7B6B0DA-6F96-0488-A548-6EFDF6C8CAC7}
		{B5CDF467-C026-430F-BB4D-523D9E0FAC3F} = {E3112B48-D7F6-8924-1D1B-7EF78EE3E115}
		{AAFC5BA0-86EB-4DEC-BDCD-2C49A6E40455} = {E3112B48-D7F6-8924-1D1B-7EF78EE3E115}
		{924158F0-5156-4E57-90F1-DA4CE4117E72} = {E3112B48-D7F6-8924-1D1B-7EF78EE3E115}
		{6315B7F8-F2D7-104D-F4E2-F8E2E26C149E} = {17609C9E-8DE9-0D9E-D121-E508649CBBD3}
		{ABB20BFD-B0F8-F008-BA45-AD46841D87FE} = {6315B7F8-F2D7-104D-F4E2-F8E2E26C149E}
		{ED0B302D-1116-4122-93B2-90D8AB6C9765} = {ABB20BFD-B0F8-F008-BA45-AD46841D87FE}
		{8BD12897-3E0D-A9B6-5FD4-2304B9FC0B93} = {6315B7F8-F2D7-104D-F4E2-F8E2E26C149E}
		{8D478B8C-C9F9-4DB4-BA04-6596353EEEAB} = {8BD12897-3E0D-A9B6-5FD4-2304B9FC0B93}
		{CF9156F6-F11E-E950-CB5C-CF82AB71544F} = {17609C9E-8DE9-0D9E-D121-E508649CBBD3}
		{11480998-8CB2-132B-5A30-F48477BD6CD5} = {CF9156F6-F11E-E950-CB5C-CF82AB71544F}
		{15635238-627E-49D4-91BA-FB7BDD28A001} = {11480998-8CB2-132B-5A30-F48477BD6CD5}
		{F9A720CB-1879-2AA5-C87E-941CA256D15F} = {CF9156F6-F11E-E950-CB5C-CF82AB71544F}
		{6E496D47-5962-45A7-980C-058B293434CC} = {F9A720CB-1879-2AA5-C87E-941CA256D15F}
		{4FC781B6-D721-50BB-96D2-ED03CECE8C6E} = {17609C9E-8DE9-0D9E-D121-E508649CBBD3}
		{051F1D65-5ACC-B097-AD9A-7182324A4AA5} = {4FC781B6-D721-50BB-96D2-ED03CECE8C6E}
		{82778D42-A2A9-48F4-BF5F-2052F5FF4B5B} = {051F1D65-5ACC-B097-AD9A-7182324A4AA5}
		{E586C070-1D32-A119-4047-D0C1E0E0929E} = {4FC781B6-D721-50BB-96D2-ED03CECE8C6E}
		{03FF886F-269B-4C04-BC05-1AA8BE54478E} = {E586C070-1D32-A119-4047-D0C1E0E0929E}
		{51D7CB06-27A2-4DCE-8D01-C2241F3127AF} = {17609C9E-8DE9-0D9E-D121-E508649CBBD3}
	EndGlobalSection
EndGlobal
